// !$*UTF8*$!
{
	archiveVersion = 1;
	classes = {
	};
	objectVersion = 56;
	objects = {

/* Begin PBXBuildFile section */
		1B8023142C51289E00DC7C9D /* AppDelegate.swift in Sources */ = {isa = PBXBuildFile; fileRef = 1B8023132C51289E00DC7C9D /* AppDelegate.swift */; };
		1B8023162C51289E00DC7C9D /* SceneDelegate.swift in Sources */ = {isa = PBXBuildFile; fileRef = 1B8023152C51289E00DC7C9D /* SceneDelegate.swift */; };
		1B8023182C51289E00DC7C9D /* ViewController.swift in Sources */ = {isa = PBXBuildFile; fileRef = 1B8023172C51289E00DC7C9D /* ViewController.swift */; };
		1B80231B2C51289E00DC7C9D /* Base in Resources */ = {isa = PBXBuildFile; fileRef = 1B80231A2C51289E00DC7C9D /* Base */; };
		1B80231D2C5128A000DC7C9D /* Assets.xcassets in Resources */ = {isa = PBXBuildFile; fileRef = 1B80231C2C5128A000DC7C9D /* Assets.xcassets */; };
		1B8023202C5128A000DC7C9D /* Base in Resources */ = {isa = PBXBuildFile; fileRef = 1B80231F2C5128A000DC7C9D /* Base */; };
		1B80232B2C5128A100DC7C9D /* CollectionViewTutorialTests.swift in Sources */ = {isa = PBXBuildFile; fileRef = 1B80232A2C5128A100DC7C9D /* CollectionViewTutorialTests.swift */; };
		1B8023352C5128A100DC7C9D /* CollectionViewTutorialUITests.swift in Sources */ = {isa = PBXBuildFile; fileRef = 1B8023342C5128A100DC7C9D /* CollectionViewTutorialUITests.swift */; };
		1B8023372C5128A100DC7C9D /* CollectionViewTutorialUITestsLaunchTests.swift in Sources */ = {isa = PBXBuildFile; fileRef = 1B8023362C5128A100DC7C9D /* CollectionViewTutorialUITestsLaunchTests.swift */; };
		1B8023442C512A7000DC7C9D /* PersonCollectionViewCell.swift in Sources */ = {isa = PBXBuildFile; fileRef = 1B8023432C512A7000DC7C9D /* PersonCollectionViewCell.swift */; };
		1B8023462C5130E100DC7C9D /* Person.swift in Sources */ = {isa = PBXBuildFile; fileRef = 1B8023452C5130E100DC7C9D /* Person.swift */; };
/* End PBXBuildFile section */

/* Begin PBXContainerItemProxy section */
		1B8023272C5128A100DC7C9D /* PBXContainerItemProxy */ = {
			isa = PBXContainerItemProxy;
			containerPortal = 1B8023082C51289E00DC7C9D /* Project object */;
			proxyType = 1;
			remoteGlobalIDString = 1B80230F2C51289E00DC7C9D;
			remoteInfo = CollectionViewTutorial;
		};
		1B8023312C5128A100DC7C9D /* PBXContainerItemProxy */ = {
			isa = PBXContainerItemProxy;
			containerPortal = 1B8023082C51289E00DC7C9D /* Project object */;
			proxyType = 1;
			remoteGlobalIDString = 1B80230F2C51289E00DC7C9D;
			remoteInfo = CollectionViewTutorial;
		};
/* End PBXContainerItemProxy section */

/* Begin PBXFileReference section */
		1B8023102C51289E00DC7C9D /* CollectionViewTutorial.app */ = {isa = PBXFileReference; explicitFileType = wrapper.application; includeInIndex = 0; path = CollectionViewTutorial.app; sourceTree = BUILT_PRODUCTS_DIR; };
		1B8023132C51289E00DC7C9D /* AppDelegate.swift */ = {isa = PBXFileReference; lastKnownFileType = sourcecode.swift; path = AppDelegate.swift; sourceTree = "<group>"; };
		1B8023152C51289E00DC7C9D /* SceneDelegate.swift */ = {isa = PBXFileReference; lastKnownFileType = sourcecode.swift; path = SceneDelegate.swift; sourceTree = "<group>"; };
		1B8023172C51289E00DC7C9D /* ViewController.swift */ = {isa = PBXFileReference; lastKnownFileType = sourcecode.swift; path = ViewController.swift; sourceTree = "<group>"; };
		1B80231A2C51289E00DC7C9D /* Base */ = {isa = PBXFileReference; lastKnownFileType = file.storyboard; name = Base; path = Base.lproj/Main.storyboard; sourceTree = "<group>"; };
		1B80231C2C5128A000DC7C9D /* Assets.xcassets */ = {isa = PBXFileReference; lastKnownFileType = folder.assetcatalog; path = Assets.xcassets; sourceTree = "<group>"; };
		1B80231F2C5128A000DC7C9D /* Base */ = {isa = PBXFileReference; lastKnownFileType = file.storyboard; name = Base; path = Base.lproj/LaunchScreen.storyboard; sourceTree = "<group>"; };
		1B8023212C5128A000DC7C9D /* Info.plist */ = {isa = PBXFileReference; lastKnownFileType = text.plist.xml; path = Info.plist; sourceTree = "<group>"; };
		1B8023262C5128A100DC7C9D /* CollectionViewTutorialTests.xctest */ = {isa = PBXFileReference; explicitFileType = wrapper.cfbundle; includeInIndex = 0; path = CollectionViewTutorialTests.xctest; sourceTree = BUILT_PRODUCTS_DIR; };
		1B80232A2C5128A100DC7C9D /* CollectionViewTutorialTests.swift */ = {isa = PBXFileReference; lastKnownFileType = sourcecode.swift; path = CollectionViewTutorialTests.swift; sourceTree = "<group>"; };
		1B8023302C5128A100DC7C9D /* CollectionViewTutorialUITests.xctest */ = {isa = PBXFileReference; explicitFileType = wrapper.cfbundle; includeInIndex = 0; path = CollectionViewTutorialUITests.xctest; sourceTree = BUILT_PRODUCTS_DIR; };
		1B8023342C5128A100DC7C9D /* CollectionViewTutorialUITests.swift */ = {isa = PBXFileReference; lastKnownFileType = sourcecode.swift; path = CollectionViewTutorialUITests.swift; sourceTree = "<group>"; };
		1B8023362C5128A100DC7C9D /* CollectionViewTutorialUITestsLaunchTests.swift */ = {isa = PBXFileReference; lastKnownFileType = sourcecode.swift; path = CollectionViewTutorialUITestsLaunchTests.swift; sourceTree = "<group>"; };
		1B8023432C512A7000DC7C9D /* PersonCollectionViewCell.swift */ = {isa = PBXFileReference; lastKnownFileType = sourcecode.swift; path = PersonCollectionViewCell.swift; sourceTree = "<group>"; };
		1B8023452C5130E100DC7C9D /* Person.swift */ = {isa = PBXFileReference; lastKnownFileType = sourcecode.swift; path = Person.swift; sourceTree = "<group>"; };
/* End PBXFileReference section */

/* Begin PBXFrameworksBuildPhase section */
		1B80230D2C51289E00DC7C9D /* Frameworks */ = {
			isa = PBXFrameworksBuildPhase;
			buildActionMask = 2147483647;
			files = (
			);
			runOnlyForDeploymentPostprocessing = 0;
		};
		1B8023232C5128A100DC7C9D /* Frameworks */ = {
			isa = PBXFrameworksBuildPhase;
			buildActionMask = 2147483647;
			files = (
			);
			runOnlyForDeploymentPostprocessing = 0;
		};
		1B80232D2C5128A100DC7C9D /* Frameworks */ = {
			isa = PBXFrameworksBuildPhase;
			buildActionMask = 2147483647;
			files = (
			);
			runOnlyForDeploymentPostprocessing = 0;
		};
/* End PBXFrameworksBuildPhase section */

/* Begin PBXGroup section */
		1B8023072C51289E00DC7C9D = {
			isa = PBXGroup;
			children = (
				1B8023122C51289E00DC7C9D /* CollectionViewTutorial */,
				1B8023292C5128A100DC7C9D /* CollectionViewTutorialTests */,
				1B8023332C5128A100DC7C9D /* CollectionViewTutorialUITests */,
				1B8023112C51289E00DC7C9D /* Products */,
			);
			sourceTree = "<group>";
		};
		1B8023112C51289E00DC7C9D /* Products */ = {
			isa = PBXGroup;
			children = (
				1B8023102C51289E00DC7C9D /* CollectionViewTutorial.app */,
				1B8023262C5128A100DC7C9D /* CollectionViewTutorialTests.xctest */,
				1B8023302C5128A100DC7C9D /* CollectionViewTutorialUITests.xctest */,
			);
			name = Products;
			sourceTree = "<group>";
		};
		1B8023122C51289E00DC7C9D /* CollectionViewTutorial */ = {
			isa = PBXGroup;
			children = (
				1B8023132C51289E00DC7C9D /* AppDelegate.swift */,
				1B8023152C51289E00DC7C9D /* SceneDelegate.swift */,
				1B8023172C51289E00DC7C9D /* ViewController.swift */,
				1B8023452C5130E100DC7C9D /* Person.swift */,
				1B8023192C51289E00DC7C9D /* Main.storyboard */,
				1B8023432C512A7000DC7C9D /* PersonCollectionViewCell.swift */,
				1B80231C2C5128A000DC7C9D /* Assets.xcassets */,
				1B80231E2C5128A000DC7C9D /* LaunchScreen.storyboard */,
				1B8023212C5128A000DC7C9D /* Info.plist */,
			);
			path = CollectionViewTutorial;
			sourceTree = "<group>";
		};
		1B8023292C5128A100DC7C9D /* CollectionViewTutorialTests */ = {
			isa = PBXGroup;
			children = (
				1B80232A2C5128A100DC7C9D /* CollectionViewTutorialTests.swift */,
			);
			path = CollectionViewTutorialTests;
			sourceTree = "<group>";
		};
		1B8023332C5128A100DC7C9D /* CollectionViewTutorialUITests */ = {
			isa = PBXGroup;
			children = (
				1B8023342C5128A100DC7C9D /* CollectionViewTutorialUITests.swift */,
				1B8023362C5128A100DC7C9D /* CollectionViewTutorialUITestsLaunchTests.swift */,
			);
			path = CollectionViewTutorialUITests;
			sourceTree = "<group>";
		};
/* End PBXGroup section */

/* Begin PBXNativeTarget section */
		1B80230F2C51289E00DC7C9D /* CollectionViewTutorial */ = {
			isa = PBXNativeTarget;
			buildConfigurationList = 1B80233A2C5128A100DC7C9D /* Build configuration list for PBXNativeTarget "CollectionViewTutorial" */;
			buildPhases = (
				1B80230C2C51289E00DC7C9D /* Sources */,
				1B80230D2C51289E00DC7C9D /* Frameworks */,
				1B80230E2C51289E00DC7C9D /* Resources */,
			);
			buildRules = (
			);
			dependencies = (
			);
			name = CollectionViewTutorial;
			productName = CollectionViewTutorial;
			productReference = 1B8023102C51289E00DC7C9D /* CollectionViewTutorial.app */;
			productType = "com.apple.product-type.application";
		};
		1B8023252C5128A100DC7C9D /* CollectionViewTutorialTests */ = {
			isa = PBXNativeTarget;
			buildConfigurationList = 1B80233D2C5128A100DC7C9D /* Build configuration list for PBXNativeTarget "CollectionViewTutorialTests" */;
			buildPhases = (
				1B8023222C5128A100DC7C9D /* Sources */,
				1B8023232C5128A100DC7C9D /* Frameworks */,
				1B8023242C5128A100DC7C9D /* Resources */,
			);
			buildRules = (
			);
			dependencies = (
				1B8023282C5128A100DC7C9D /* PBXTargetDependency */,
			);
			name = CollectionViewTutorialTests;
			productName = CollectionViewTutorialTests;
			productReference = 1B8023262C5128A100DC7C9D /* CollectionViewTutorialTests.xctest */;
			productType = "com.apple.product-type.bundle.unit-test";
		};
		1B80232F2C5128A100DC7C9D /* CollectionViewTutorialUITests */ = {
			isa = PBXNativeTarget;
			buildConfigurationList = 1B8023402C5128A100DC7C9D /* Build configuration list for PBXNativeTarget "CollectionViewTutorialUITests" */;
			buildPhases = (
				1B80232C2C5128A100DC7C9D /* Sources */,
				1B80232D2C5128A100DC7C9D /* Frameworks */,
				1B80232E2C5128A100DC7C9D /* Resources */,
			);
			buildRules = (
			);
			dependencies = (
				1B8023322C5128A100DC7C9D /* PBXTargetDependency */,
			);
			name = CollectionViewTutorialUITests;
			productName = CollectionViewTutorialUITests;
			productReference = 1B8023302C5128A100DC7C9D /* CollectionViewTutorialUITests.xctest */;
			productType = "com.apple.product-type.bundle.ui-testing";
		};
/* End PBXNativeTarget section */

/* Begin PBXProject section */
		1B8023082C51289E00DC7C9D /* Project object */ = {
			isa = PBXProject;
			attributes = {
				BuildIndependentTargetsInParallel = 1;
				LastSwiftUpdateCheck = 1540;
				LastUpgradeCheck = 1540;
				TargetAttributes = {
					1B80230F2C51289E00DC7C9D = {
						CreatedOnToolsVersion = 15.4;
					};
					1B8023252C5128A100DC7C9D = {
						CreatedOnToolsVersion = 15.4;
						TestTargetID = 1B80230F2C51289E00DC7C9D;
					};
					1B80232F2C5128A100DC7C9D = {
						CreatedOnToolsVersion = 15.4;
						TestTargetID = 1B80230F2C51289E00DC7C9D;
					};
				};
			};
			buildConfigurationList = 1B80230B2C51289E00DC7C9D /* Build configuration list for PBXProject "CollectionViewTutorial" */;
			compatibilityVersion = "Xcode 14.0";
			developmentRegion = en;
			hasScannedForEncodings = 0;
			knownRegions = (
				en,
				Base,
			);
			mainGroup = 1B8023072C51289E00DC7C9D;
			productRefGroup = 1B8023112C51289E00DC7C9D /* Products */;
			projectDirPath = "";
			projectRoot = "";
			targets = (
				1B80230F2C51289E00DC7C9D /* CollectionViewTutorial */,
				1B8023252C5128A100DC7C9D /* CollectionViewTutorialTests */,
				1B80232F2C5128A100DC7C9D /* CollectionViewTutorialUITests */,
			);
		};
/* End PBXProject section */

/* Begin PBXResourcesBuildPhase section */
		1B80230E2C51289E00DC7C9D /* Resources */ = {
			isa = PBXResourcesBuildPhase;
			buildActionMask = 2147483647;
			files = (
				1B80231D2C5128A000DC7C9D /* Assets.xcassets in Resources */,
				1B8023202C5128A000DC7C9D /* Base in Resources */,
				1B80231B2C51289E00DC7C9D /* Base in Resources */,
			);
			runOnlyForDeploymentPostprocessing = 0;
		};
		1B8023242C5128A100DC7C9D /* Resources */ = {
			isa = PBXResourcesBuildPhase;
			buildActionMask = 2147483647;
			files = (
			);
			runOnlyForDeploymentPostprocessing = 0;
		};
		1B80232E2C5128A100DC7C9D /* Resources */ = {
			isa = PBXResourcesBuildPhase;
			buildActionMask = 2147483647;
			files = (
			);
			runOnlyForDeploymentPostprocessing = 0;
		};
/* End PBXResourcesBuildPhase section */

/* Begin PBXSourcesBuildPhase section */
		1B80230C2C51289E00DC7C9D /* Sources */ = {
			isa = PBXSourcesBuildPhase;
			buildActionMask = 2147483647;
			files = (
				1B8023462C5130E100DC7C9D /* Person.swift in Sources */,
				1B8023182C51289E00DC7C9D /* ViewController.swift in Sources */,
				1B8023142C51289E00DC7C9D /* AppDelegate.swift in Sources */,
				1B8023442C512A7000DC7C9D /* PersonCollectionViewCell.swift in Sources */,
				1B8023162C51289E00DC7C9D /* SceneDelegate.swift in Sources */,
			);
			runOnlyForDeploymentPostprocessing = 0;
		};
		1B8023222C5128A100DC7C9D /* Sources */ = {
			isa = PBXSourcesBuildPhase;
			buildActionMask = 2147483647;
			files = (
				1B80232B2C5128A100DC7C9D /* CollectionViewTutorialTests.swift in Sources */,
			);
			runOnlyForDeploymentPostprocessing = 0;
		};
		1B80232C2C5128A100DC7C9D /* Sources */ = {
			isa = PBXSourcesBuildPhase;
			buildActionMask = 2147483647;
			files = (
				1B8023352C5128A100DC7C9D /* CollectionViewTutorialUITests.swift in Sources */,
				1B8023372C5128A100DC7C9D /* CollectionViewTutorialUITestsLaunchTests.swift in Sources */,
			);
			runOnlyForDeploymentPostprocessing = 0;
		};
/* End PBXSourcesBuildPhase section */

/* Begin PBXTargetDependency section */
		1B8023282C5128A100DC7C9D /* PBXTargetDependency */ = {
			isa = PBXTargetDependency;
			target = 1B80230F2C51289E00DC7C9D /* CollectionViewTutorial */;
			targetProxy = 1B8023272C5128A100DC7C9D /* PBXContainerItemProxy */;
		};
		1B8023322C5128A100DC7C9D /* PBXTargetDependency */ = {
			isa = PBXTargetDependency;
			target = 1B80230F2C51289E00DC7C9D /* CollectionViewTutorial */;
			targetProxy = 1B8023312C5128A100DC7C9D /* PBXContainerItemProxy */;
		};
/* End PBXTargetDependency section */

/* Begin PBXVariantGroup section */
		1B8023192C51289E00DC7C9D /* Main.storyboard */ = {
			isa = PBXVariantGroup;
			children = (
				1B80231A2C51289E00DC7C9D /* Base */,
			);
			name = Main.storyboard;
			sourceTree = "<group>";
		};
		1B80231E2C5128A000DC7C9D /* LaunchScreen.storyboard */ = {
			isa = PBXVariantGroup;
			children = (
				1B80231F2C5128A000DC7C9D /* Base */,
			);
			name = LaunchScreen.storyboard;
			sourceTree = "<group>";
		};
/* End PBXVariantGroup section */

/* Begin XCBuildConfiguration section */
		1B8023382C5128A100DC7C9D /* Debug */ = {
			isa = XCBuildConfiguration;
			buildSettings = {
				ALWAYS_SEARCH_USER_PATHS = NO;
				ASSETCATALOG_COMPILER_GENERATE_SWIFT_ASSET_SYMBOL_EXTENSIONS = YES;
				CLANG_ANALYZER_NONNULL = YES;
				CLANG_ANALYZER_NUMBER_OBJECT_CONVERSION = YES_AGGRESSIVE;
				CLANG_CXX_LANGUAGE_STANDARD = "gnu++20";
				CLANG_ENABLE_MODULES = YES;
				CLANG_ENABLE_OBJC_ARC = YES;
				CLANG_ENABLE_OBJC_WEAK = YES;
				CLANG_WARN_BLOCK_CAPTURE_AUTORELEASING = YES;
				CLANG_WARN_BOOL_CONVERSION = YES;
				CLANG_WARN_COMMA = YES;
				CLANG_WARN_CONSTANT_CONVERSION = YES;
				CLANG_WARN_DEPRECATED_OBJC_IMPLEMENTATIONS = YES;
				CLANG_WARN_DIRECT_OBJC_ISA_USAGE = YES_ERROR;
				CLANG_WARN_DOCUMENTATION_COMMENTS = YES;
				CLANG_WARN_EMPTY_BODY = YES;
				CLANG_WARN_ENUM_CONVERSION = YES;
				CLANG_WARN_INFINITE_RECURSION = YES;
				CLANG_WARN_INT_CONVERSION = YES;
				CLANG_WARN_NON_LITERAL_NULL_CONVERSION = YES;
				CLANG_WARN_OBJC_IMPLICIT_RETAIN_SELF = YES;
				CLANG_WARN_OBJC_LITERAL_CONVERSION = YES;
				CLANG_WARN_OBJC_ROOT_CLASS = YES_ERROR;
				CLANG_WARN_QUOTED_INCLUDE_IN_FRAMEWORK_HEADER = YES;
				CLANG_WARN_RANGE_LOOP_ANALYSIS = YES;
				CLANG_WARN_STRICT_PROTOTYPES = YES;
				CLANG_WARN_SUSPICIOUS_MOVE = YES;
				CLANG_WARN_UNGUARDED_AVAILABILITY = YES_AGGRESSIVE;
				CLANG_WARN_UNREACHABLE_CODE = YES;
				CLANG_WARN__DUPLICATE_METHOD_MATCH = YES;
				COPY_PHASE_STRIP = NO;
				DEBUG_INFORMATION_FORMAT = dwarf;
				ENABLE_STRICT_OBJC_MSGSEND = YES;
				ENABLE_TESTABILITY = YES;
				ENABLE_USER_SCRIPT_SANDBOXING = YES;
				GCC_C_LANGUAGE_STANDARD = gnu17;
				GCC_DYNAMIC_NO_PIC = NO;
				GCC_NO_COMMON_BLOCKS = YES;
				GCC_OPTIMIZATION_LEVEL = 0;
				GCC_PREPROCESSOR_DEFINITIONS = (
					"DEBUG=1",
					"$(inherited)",
				);
				GCC_WARN_64_TO_32_BIT_CONVERSION = YES;
				GCC_WARN_ABOUT_RETURN_TYPE = YES_ERROR;
				GCC_WARN_UNDECLARED_SELECTOR = YES;
				GCC_WARN_UNINITIALIZED_AUTOS = YES_AGGRESSIVE;
				GCC_WARN_UNUSED_FUNCTION = YES;
				GCC_WARN_UNUSED_VARIABLE = YES;
				IPHONEOS_DEPLOYMENT_TARGET = 17.5;
				LOCALIZATION_PREFERS_STRING_CATALOGS = YES;
				MTL_ENABLE_DEBUG_INFO = INCLUDE_SOURCE;
				MTL_FAST_MATH = YES;
				ONLY_ACTIVE_ARCH = YES;
				SDKROOT = iphoneos;
				SWIFT_ACTIVE_COMPILATION_CONDITIONS = "DEBUG $(inherited)";
				SWIFT_OPTIMIZATION_LEVEL = "-Onone";
			};
			name = Debug;
		};
		1B8023392C5128A100DC7C9D /* Release */ = {
			isa = XCBuildConfiguration;
			buildSettings = {
				ALWAYS_SEARCH_USER_PATHS = NO;
				ASSETCATALOG_COMPILER_GENERATE_SWIFT_ASSET_SYMBOL_EXTENSIONS = YES;
				CLANG_ANALYZER_NONNULL = YES;
				CLANG_ANALYZER_NUMBER_OBJECT_CONVERSION = YES_AGGRESSIVE;
				CLANG_CXX_LANGUAGE_STANDARD = "gnu++20";
				CLANG_ENABLE_MODULES = YES;
				CLANG_ENABLE_OBJC_ARC = YES;
				CLANG_ENABLE_OBJC_WEAK = YES;
				CLANG_WARN_BLOCK_CAPTURE_AUTORELEASING = YES;
				CLANG_WARN_BOOL_CONVERSION = YES;
				CLANG_WARN_COMMA = YES;
				CLANG_WARN_CONSTANT_CONVERSION = YES;
				CLANG_WARN_DEPRECATED_OBJC_IMPLEMENTATIONS = YES;
				CLANG_WARN_DIRECT_OBJC_ISA_USAGE = YES_ERROR;
				CLANG_WARN_DOCUMENTATION_COMMENTS = YES;
				CLANG_WARN_EMPTY_BODY = YES;
				CLANG_WARN_ENUM_CONVERSION = YES;
				CLANG_WARN_INFINITE_RECURSION = YES;
				CLANG_WARN_INT_CONVERSION = YES;
				CLANG_WARN_NON_LITERAL_NULL_CONVERSION = YES;
				CLANG_WARN_OBJC_IMPLICIT_RETAIN_SELF = YES;
				CLANG_WARN_OBJC_LITERAL_CONVERSION = YES;
				CLANG_WARN_OBJC_ROOT_CLASS = YES_ERROR;
				CLANG_WARN_QUOTED_INCLUDE_IN_FRAMEWORK_HEADER = YES;
				CLANG_WARN_RANGE_LOOP_ANALYSIS = YES;
				CLANG_WARN_STRICT_PROTOTYPES = YES;
				CLANG_WARN_SUSPICIOUS_MOVE = YES;
				CLANG_WARN_UNGUARDED_AVAILABILITY = YES_AGGRESSIVE;
				CLANG_WARN_UNREACHABLE_CODE = YES;
				CLANG_WARN__DUPLICATE_METHOD_MATCH = YES;
				COPY_PHASE_STRIP = NO;
				DEBUG_INFORMATION_FORMAT = "dwarf-with-dsym";
				ENABLE_NS_ASSERTIONS = NO;
				ENABLE_STRICT_OBJC_MSGSEND = YES;
				ENABLE_USER_SCRIPT_SANDBOXING = YES;
				GCC_C_LANGUAGE_STANDARD = gnu17;
				GCC_NO_COMMON_BLOCKS = YES;
				GCC_WARN_64_TO_32_BIT_CONVERSION = YES;
				GCC_WARN_ABOUT_RETURN_TYPE = YES_ERROR;
				GCC_WARN_UNDECLARED_SELECTOR = YES;
				GCC_WARN_UNINITIALIZED_AUTOS = YES_AGGRESSIVE;
				GCC_WARN_UNUSED_FUNCTION = YES;
				GCC_WARN_UNUSED_VARIABLE = YES;
				IPHONEOS_DEPLOYMENT_TARGET = 17.5;
				LOCALIZATION_PREFERS_STRING_CATALOGS = YES;
				MTL_ENABLE_DEBUG_INFO = NO;
				MTL_FAST_MATH = YES;
				SDKROOT = iphoneos;
				SWIFT_COMPILATION_MODE = wholemodule;
				VALIDATE_PRODUCT = YES;
			};
			name = Release;
		};
		1B80233B2C5128A100DC7C9D /* Debug */ = {
			isa = XCBuildConfiguration;
			buildSettings = {
				ASSETCATALOG_COMPILER_APPICON_NAME = AppIcon;
				ASSETCATALOG_COMPILER_GLOBAL_ACCENT_COLOR_NAME = AccentColor;
				CODE_SIGN_STYLE = Automatic;
				CURRENT_PROJECT_VERSION = 1;
				GENERATE_INFOPLIST_FILE = YES;
				INFOPLIST_FILE = CollectionViewTutorial/Info.plist;
				INFOPLIST_KEY_UIApplicationSupportsIndirectInputEvents = YES;
				INFOPLIST_KEY_UILaunchStoryboardName = LaunchScreen;
				INFOPLIST_KEY_UIMainStoryboardFile = Main;
				INFOPLIST_KEY_UISupportedInterfaceOrientations_iPad = "UIInterfaceOrientationPortrait UIInterfaceOrientationPortraitUpsideDown UIInterfaceOrientationLandscapeLeft UIInterfaceOrientationLandscapeRight";
				INFOPLIST_KEY_UISupportedInterfaceOrientations_iPhone = "UIInterfaceOrientationPortrait UIInterfaceOrientationLandscapeLeft UIInterfaceOrientationLandscapeRight";
				LD_RUNPATH_SEARCH_PATHS = (
					"$(inherited)",
					"@executable_path/Frameworks",
				);
				MARKETING_VERSION = 1.0;
				PRODUCT_BUNDLE_IDENTIFIER = antino.CollectionViewTutorial;
				PRODUCT_NAME = "$(TARGET_NAME)";
				SWIFT_EMIT_LOC_STRINGS = YES;
				SWIFT_VERSION = 5.0;
				TARGETED_DEVICE_FAMILY = "1,2";
			};
			name = Debug;
		};
		1B80233C2C5128A100DC7C9D /* Release */ = {
			isa = XCBuildConfiguration;
			buildSettings = {
				ASSETCATALOG_COMPILER_APPICON_NAME = AppIcon;
				ASSETCATALOG_COMPILER_GLOBAL_ACCENT_COLOR_NAME = AccentColor;
				CODE_SIGN_STYLE = Automatic;
				CURRENT_PROJECT_VERSION = 1;
				GENERATE_INFOPLIST_FILE = YES;
				INFOPLIST_FILE = CollectionViewTutorial/Info.plist;
				INFOPLIST_KEY_UIApplicationSupportsIndirectInputEvents = YES;
				INFOPLIST_KEY_UILaunchStoryboardName = LaunchScreen;
				INFOPLIST_KEY_UIMainStoryboardFile = Main;
				INFOPLIST_KEY_UISupportedInterfaceOrientations_iPad = "UIInterfaceOrientationPortrait UIInterfaceOrientationPortraitUpsideDown UIInterfaceOrientationLandscapeLeft UIInterfaceOrientationLandscapeRight";
				INFOPLIST_KEY_UISupportedInterfaceOrientations_iPhone = "UIInterfaceOrientationPortrait UIInterfaceOrientationLandscapeLeft UIInterfaceOrientationLandscapeRight";
				LD_RUNPATH_SEARCH_PATHS = (
					"$(inherited)",
					"@executable_path/Frameworks",
				);
				MARKETING_VERSION = 1.0;
				PRODUCT_BUNDLE_IDENTIFIER = antino.CollectionViewTutorial;
				PRODUCT_NAME = "$(TARGET_NAME)";
				SWIFT_EMIT_LOC_STRINGS = YES;
				SWIFT_VERSION = 5.0;
				TARGETED_DEVICE_FAMILY = "1,2";
			};
			name = Release;
		};
		1B80233E2C5128A100DC7C9D /* Debug */ = {
			isa = XCBuildConfiguration;
			buildSettings = {
				ALWAYS_EMBED_SWIFT_STANDARD_LIBRARIES = YES;
				BUNDLE_LOADER = "$(TEST_HOST)";
				CODE_SIGN_STYLE = Automatic;
				CURRENT_PROJECT_VERSION = 1;
				GENERATE_INFOPLIST_FILE = YES;
				IPHONEOS_DEPLOYMENT_TARGET = 17.5;
				MARKETING_VERSION = 1.0;
				PRODUCT_BUNDLE_IDENTIFIER = antino.CollectionViewTutorialTests;
				PRODUCT_NAME = "$(TARGET_NAME)";
				SWIFT_EMIT_LOC_STRINGS = NO;
				SWIFT_VERSION = 5.0;
				TARGETED_DEVICE_FAMILY = "1,2";
				TEST_HOST = "$(BUILT_PRODUCTS_DIR)/CollectionViewTutorial.app/$(BUNDLE_EXECUTABLE_FOLDER_PATH)/CollectionViewTutorial";
			};
			name = Debug;
		};
		1B80233F2C5128A100DC7C9D /* Release */ = {
			isa = XCBuildConfiguration;
			buildSettings = {
				ALWAYS_EMBED_SWIFT_STANDARD_LIBRARIES = YES;
				BUNDLE_LOADER = "$(TEST_HOST)";
				CODE_SIGN_STYLE = Automatic;
				CURRENT_PROJECT_VERSION = 1;
				GENERATE_INFOPLIST_FILE = YES;
				IPHONEOS_DEPLOYMENT_TARGET = 17.5;
				MARKETING_VERSION = 1.0;
				PRODUCT_BUNDLE_IDENTIFIER = antino.CollectionViewTutorialTests;
				PRODUCT_NAME = "$(TARGET_NAME)";
				SWIFT_EMIT_LOC_STRINGS = NO;
				SWIFT_VERSION = 5.0;
				TARGETED_DEVICE_FAMILY = "1,2";
				TEST_HOST = "$(BUILT_PRODUCTS_DIR)/CollectionViewTutorial.app/$(BUNDLE_EXECUTABLE_FOLDER_PATH)/CollectionViewTutorial";
			};
			name = Release;
		};
		1B8023412C5128A100DC7C9D /* Debug */ = {
			isa = XCBuildConfiguration;
			buildSettings = {
				ALWAYS_EMBED_SWIFT_STANDARD_LIBRARIES = YES;
				CODE_SIGN_STYLE = Automatic;
				CURRENT_PROJECT_VERSION = 1;
				GENERATE_INFOPLIST_FILE = YES;
				MARKETING_VERSION = 1.0;
				PRODUCT_BUNDLE_IDENTIFIER = antino.CollectionViewTutorialUITests;
				PRODUCT_NAME = "$(TARGET_NAME)";
				SWIFT_EMIT_LOC_STRINGS = NO;
				SWIFT_VERSION = 5.0;
				TARGETED_DEVICE_FAMILY = "1,2";
				TEST_TARGET_NAME = CollectionViewTutorial;
			};
			name = Debug;
		};
		1B8023422C5128A100DC7C9D /* Release */ = {
			isa = XCBuildConfiguration;
			buildSettings = {
				ALWAYS_EMBED_SWIFT_STANDARD_LIBRARIES = YES;
				CODE_SIGN_STYLE = Automatic;
				CURRENT_PROJECT_VERSION = 1;
				GENERATE_INFOPLIST_FILE = YES;
				MARKETING_VERSION = 1.0;
				PRODUCT_BUNDLE_IDENTIFIER = antino.CollectionViewTutorialUITests;
				PRODUCT_NAME = "$(TARGET_NAME)";
				SWIFT_EMIT_LOC_STRINGS = NO;
				SWIFT_VERSION = 5.0;
				TARGETED_DEVICE_FAMILY = "1,2";
				TEST_TARGET_NAME = CollectionViewTutorial;
			};
			name = Release;
		};
/* End XCBuildConfiguration section */

/* Begin XCConfigurationList section */
		1B80230B2C51289E00DC7C9D /* Build configuration list for PBXProject "CollectionViewTutorial" */ = {
			isa = XCConfigurationList;
			buildConfigurations = (
				1B8023382C5128A100DC7C9D /* Debug */,
				1B8023392C5128A100DC7C9D /* Release */,
			);
			defaultConfigurationIsVisible = 0;
			defaultConfigurationName = Release;
		};
		1B80233A2C5128A100DC7C9D /* Build configuration list for PBXNativeTarget "CollectionViewTutorial" */ = {
			isa = XCConfigurationList;
			buildConfigurations = (
				1B80233B2C5128A100DC7C9D /* Debug */,
				1B80233C2C5128A100DC7C9D /* Release */,
			);
			defaultConfigurationIsVisible = 0;
			defaultConfigurationName = Release;
		};
		1B80233D2C5128A100DC7C9D /* Build configuration list for PBXNativeTarget "CollectionViewTutorialTests" */ = {
			isa = XCConfigurationList;
			buildConfigurations = (
				1B80233E2C5128A100DC7C9D /* Debug */,
				1B80233F2C5128A100DC7C9D /* Release */,
			);
			defaultConfigurationIsVisible = 0;
			defaultConfigurationName = Release;
		};
		1B8023402C5128A100DC7C9D /* Build configuration list for PBXNativeTarget "CollectionViewTutorialUITests" */ = {
			isa = XCConfigurationList;
			buildConfigurations = (
				1B8023412C5128A100DC7C9D /* Debug */,
				1B8023422C5128A100DC7C9D /* Release */,
			);
			defaultConfigurationIsVisible = 0;
			defaultConfigurationName = Release;
		};
/* End XCConfigurationList section */
	};
	rootObject = 1B8023082C51289E00DC7C9D /* Project object */;
}
