// !$*UTF8*$!
{
	archiveVersion = 1;
	classes = {
	};
	objectVersion = 56;
	objects = {

/* Begin PBXBuildFile section */
		1B8022D02C50DF4F00DC7C9D /* AppDelegate.swift in Sources */ = {isa = PBXBuildFile; fileRef = 1B8022CF2C50DF4F00DC7C9D /* AppDelegate.swift */; };
		1B8022D22C50DF4F00DC7C9D /* SceneDelegate.swift in Sources */ = {isa = PBXBuildFile; fileRef = 1B8022D12C50DF4F00DC7C9D /* SceneDelegate.swift */; };
		1B8022D42C50DF4F00DC7C9D /* LandingVC.swift in Sources */ = {isa = PBXBuildFile; fileRef = 1B8022D32C50DF4F00DC7C9D /* LandingVC.swift */; };
		1B8022D72C50DF4F00DC7C9D /* Base in Resources */ = {isa = PBXBuildFile; fileRef = 1B8022D62C50DF4F00DC7C9D /* Base */; };
		1B8022D92C50DF5000DC7C9D /* Assets.xcassets in Resources */ = {isa = PBXBuildFile; fileRef = 1B8022D82C50DF5000DC7C9D /* Assets.xcassets */; };
		1B8022DC2C50DF5000DC7C9D /* Base in Resources */ = {isa = PBXBuildFile; fileRef = 1B8022DB2C50DF5000DC7C9D /* Base */; };
		1B8022E72C50DF5000DC7C9D /* SwiftyWordsTests.swift in Sources */ = {isa = PBXBuildFile; fileRef = 1B8022E62C50DF5000DC7C9D /* SwiftyWordsTests.swift */; };
		1B8022F12C50DF5000DC7C9D /* SwiftyWordsUITests.swift in Sources */ = {isa = PBXBuildFile; fileRef = 1B8022F02C50DF5000DC7C9D /* SwiftyWordsUITests.swift */; };
		1B8022F32C50DF5000DC7C9D /* SwiftyWordsUITestsLaunchTests.swift in Sources */ = {isa = PBXBuildFile; fileRef = 1B8022F22C50DF5000DC7C9D /* SwiftyWordsUITestsLaunchTests.swift */; };
		1B8023042C51180300DC7C9D /* level1.txt in Resources */ = {isa = PBXBuildFile; fileRef = 1B8023032C51180300DC7C9D /* level1.txt */; };
		1B8023062C51181800DC7C9D /* level2.txt in Resources */ = {isa = PBXBuildFile; fileRef = 1B8023052C51181800DC7C9D /* level2.txt */; };
/* End PBXBuildFile section */

/* Begin PBXContainerItemProxy section */
		1B8022E32C50DF5000DC7C9D /* PBXContainerItemProxy */ = {
			isa = PBXContainerItemProxy;
			containerPortal = 1B8022C42C50DF4F00DC7C9D /* Project object */;
			proxyType = 1;
			remoteGlobalIDString = 1B8022CB2C50DF4F00DC7C9D;
			remoteInfo = SwiftyWords;
		};
		1B8022ED2C50DF5000DC7C9D /* PBXContainerItemProxy */ = {
			isa = PBXContainerItemProxy;
			containerPortal = 1B8022C42C50DF4F00DC7C9D /* Project object */;
			proxyType = 1;
			remoteGlobalIDString = 1B8022CB2C50DF4F00DC7C9D;
			remoteInfo = SwiftyWords;
		};
/* End PBXContainerItemProxy section */

/* Begin PBXFileReference section */
		1B8022CC2C50DF4F00DC7C9D /* SwiftyWords.app */ = {isa = PBXFileReference; explicitFileType = wrapper.application; includeInIndex = 0; path = SwiftyWords.app; sourceTree = BUILT_PRODUCTS_DIR; };
		1B8022CF2C50DF4F00DC7C9D /* AppDelegate.swift */ = {isa = PBXFileReference; lastKnownFileType = sourcecode.swift; path = AppDelegate.swift; sourceTree = "<group>"; };
		1B8022D12C50DF4F00DC7C9D /* SceneDelegate.swift */ = {isa = PBXFileReference; lastKnownFileType = sourcecode.swift; path = SceneDelegate.swift; sourceTree = "<group>"; };
		1B8022D32C50DF4F00DC7C9D /* LandingVC.swift */ = {isa = PBXFileReference; lastKnownFileType = sourcecode.swift; path = LandingVC.swift; sourceTree = "<group>"; };
		1B8022D62C50DF4F00DC7C9D /* Base */ = {isa = PBXFileReference; lastKnownFileType = file.storyboard; name = Base; path = Base.lproj/Main.storyboard; sourceTree = "<group>"; };
		1B8022D82C50DF5000DC7C9D /* Assets.xcassets */ = {isa = PBXFileReference; lastKnownFileType = folder.assetcatalog; path = Assets.xcassets; sourceTree = "<group>"; };
		1B8022DB2C50DF5000DC7C9D /* Base */ = {isa = PBXFileReference; lastKnownFileType = file.storyboard; name = Base; path = Base.lproj/LaunchScreen.storyboard; sourceTree = "<group>"; };
		1B8022DD2C50DF5000DC7C9D /* Info.plist */ = {isa = PBXFileReference; lastKnownFileType = text.plist.xml; path = Info.plist; sourceTree = "<group>"; };
		1B8022E22C50DF5000DC7C9D /* SwiftyWordsTests.xctest */ = {isa = PBXFileReference; explicitFileType = wrapper.cfbundle; includeInIndex = 0; path = SwiftyWordsTests.xctest; sourceTree = BUILT_PRODUCTS_DIR; };
		1B8022E62C50DF5000DC7C9D /* SwiftyWordsTests.swift */ = {isa = PBXFileReference; lastKnownFileType = sourcecode.swift; path = SwiftyWordsTests.swift; sourceTree = "<group>"; };
		1B8022EC2C50DF5000DC7C9D /* SwiftyWordsUITests.xctest */ = {isa = PBXFileReference; explicitFileType = wrapper.cfbundle; includeInIndex = 0; path = SwiftyWordsUITests.xctest; sourceTree = BUILT_PRODUCTS_DIR; };
		1B8022F02C50DF5000DC7C9D /* SwiftyWordsUITests.swift */ = {isa = PBXFileReference; lastKnownFileType = sourcecode.swift; path = SwiftyWordsUITests.swift; sourceTree = "<group>"; };
		1B8022F22C50DF5000DC7C9D /* SwiftyWordsUITestsLaunchTests.swift */ = {isa = PBXFileReference; lastKnownFileType = sourcecode.swift; path = SwiftyWordsUITestsLaunchTests.swift; sourceTree = "<group>"; };
		1B8023032C51180300DC7C9D /* level1.txt */ = {isa = PBXFileReference; fileEncoding = 4; lastKnownFileType = text; path = level1.txt; sourceTree = "<group>"; };
		1B8023052C51181800DC7C9D /* level2.txt */ = {isa = PBXFileReference; fileEncoding = 4; lastKnownFileType = text; path = level2.txt; sourceTree = "<group>"; };
/* End PBXFileReference section */

/* Begin PBXFrameworksBuildPhase section */
		1B8022C92C50DF4F00DC7C9D /* Frameworks */ = {
			isa = PBXFrameworksBuildPhase;
			buildActionMask = 2147483647;
			files = (
			);
			runOnlyForDeploymentPostprocessing = 0;
		};
		1B8022DF2C50DF5000DC7C9D /* Frameworks */ = {
			isa = PBXFrameworksBuildPhase;
			buildActionMask = 2147483647;
			files = (
			);
			runOnlyForDeploymentPostprocessing = 0;
		};
		1B8022E92C50DF5000DC7C9D /* Frameworks */ = {
			isa = PBXFrameworksBuildPhase;
			buildActionMask = 2147483647;
			files = (
			);
			runOnlyForDeploymentPostprocessing = 0;
		};
/* End PBXFrameworksBuildPhase section */

/* Begin PBXGroup section */
		1B8022C32C50DF4F00DC7C9D = {
			isa = PBXGroup;
			children = (
				1B8022CE2C50DF4F00DC7C9D /* SwiftyWords */,
				1B8022E52C50DF5000DC7C9D /* SwiftyWordsTests */,
				1B8022EF2C50DF5000DC7C9D /* SwiftyWordsUITests */,
				1B8022CD2C50DF4F00DC7C9D /* Products */,
			);
			sourceTree = "<group>";
		};
		1B8022CD2C50DF4F00DC7C9D /* Products */ = {
			isa = PBXGroup;
			children = (
				1B8022CC2C50DF4F00DC7C9D /* SwiftyWords.app */,
				1B8022E22C50DF5000DC7C9D /* SwiftyWordsTests.xctest */,
				1B8022EC2C50DF5000DC7C9D /* SwiftyWordsUITests.xctest */,
			);
			name = Products;
			sourceTree = "<group>";
		};
		1B8022CE2C50DF4F00DC7C9D /* SwiftyWords */ = {
			isa = PBXGroup;
			children = (
				1B8022CF2C50DF4F00DC7C9D /* AppDelegate.swift */,
				1B8022D12C50DF4F00DC7C9D /* SceneDelegate.swift */,
				1B8022D32C50DF4F00DC7C9D /* LandingVC.swift */,
				1B8022D52C50DF4F00DC7C9D /* Main.storyboard */,
				1B8022D82C50DF5000DC7C9D /* Assets.xcassets */,
				1B8022DA2C50DF5000DC7C9D /* LaunchScreen.storyboard */,
				1B8022DD2C50DF5000DC7C9D /* Info.plist */,
				1B8023032C51180300DC7C9D /* level1.txt */,
				1B8023052C51181800DC7C9D /* level2.txt */,
			);
			path = SwiftyWords;
			sourceTree = "<group>";
		};
		1B8022E52C50DF5000DC7C9D /* SwiftyWordsTests */ = {
			isa = PBXGroup;
			children = (
				1B8022E62C50DF5000DC7C9D /* SwiftyWordsTests.swift */,
			);
			path = SwiftyWordsTests;
			sourceTree = "<group>";
		};
		1B8022EF2C50DF5000DC7C9D /* SwiftyWordsUITests */ = {
			isa = PBXGroup;
			children = (
				1B8022F02C50DF5000DC7C9D /* SwiftyWordsUITests.swift */,
				1B8022F22C50DF5000DC7C9D /* SwiftyWordsUITestsLaunchTests.swift */,
			);
			path = SwiftyWordsUITests;
			sourceTree = "<group>";
		};
/* End PBXGroup section */

/* Begin PBXNativeTarget section */
		1B8022CB2C50DF4F00DC7C9D /* SwiftyWords */ = {
			isa = PBXNativeTarget;
			buildConfigurationList = 1B8022F62C50DF5000DC7C9D /* Build configuration list for PBXNativeTarget "SwiftyWords" */;
			buildPhases = (
				1B8022C82C50DF4F00DC7C9D /* Sources */,
				1B8022C92C50DF4F00DC7C9D /* Frameworks */,
				1B8022CA2C50DF4F00DC7C9D /* Resources */,
			);
			buildRules = (
			);
			dependencies = (
			);
			name = SwiftyWords;
			productName = SwiftyWords;
			productReference = 1B8022CC2C50DF4F00DC7C9D /* SwiftyWords.app */;
			productType = "com.apple.product-type.application";
		};
		1B8022E12C50DF5000DC7C9D /* SwiftyWordsTests */ = {
			isa = PBXNativeTarget;
			buildConfigurationList = 1B8022F92C50DF5000DC7C9D /* Build configuration list for PBXNativeTarget "SwiftyWordsTests" */;
			buildPhases = (
				1B8022DE2C50DF5000DC7C9D /* Sources */,
				1B8022DF2C50DF5000DC7C9D /* Frameworks */,
				1B8022E02C50DF5000DC7C9D /* Resources */,
			);
			buildRules = (
			);
			dependencies = (
				1B8022E42C50DF5000DC7C9D /* PBXTargetDependency */,
			);
			name = SwiftyWordsTests;
			productName = SwiftyWordsTests;
			productReference = 1B8022E22C50DF5000DC7C9D /* SwiftyWordsTests.xctest */;
			productType = "com.apple.product-type.bundle.unit-test";
		};
		1B8022EB2C50DF5000DC7C9D /* SwiftyWordsUITests */ = {
			isa = PBXNativeTarget;
			buildConfigurationList = 1B8022FC2C50DF5000DC7C9D /* Build configuration list for PBXNativeTarget "SwiftyWordsUITests" */;
			buildPhases = (
				1B8022E82C50DF5000DC7C9D /* Sources */,
				1B8022E92C50DF5000DC7C9D /* Frameworks */,
				1B8022EA2C50DF5000DC7C9D /* Resources */,
			);
			buildRules = (
			);
			dependencies = (
				1B8022EE2C50DF5000DC7C9D /* PBXTargetDependency */,
			);
			name = SwiftyWordsUITests;
			productName = SwiftyWordsUITests;
			productReference = 1B8022EC2C50DF5000DC7C9D /* SwiftyWordsUITests.xctest */;
			productType = "com.apple.product-type.bundle.ui-testing";
		};
/* End PBXNativeTarget section */

/* Begin PBXProject section */
		1B8022C42C50DF4F00DC7C9D /* Project object */ = {
			isa = PBXProject;
			attributes = {
				BuildIndependentTargetsInParallel = 1;
				LastSwiftUpdateCheck = 1540;
				LastUpgradeCheck = 1540;
				TargetAttributes = {
					1B8022CB2C50DF4F00DC7C9D = {
						CreatedOnToolsVersion = 15.4;
					};
					1B8022E12C50DF5000DC7C9D = {
						CreatedOnToolsVersion = 15.4;
						TestTargetID = 1B8022CB2C50DF4F00DC7C9D;
					};
					1B8022EB2C50DF5000DC7C9D = {
						CreatedOnToolsVersion = 15.4;
						TestTargetID = 1B8022CB2C50DF4F00DC7C9D;
					};
				};
			};
			buildConfigurationList = 1B8022C72C50DF4F00DC7C9D /* Build configuration list for PBXProject "SwiftyWords" */;
			compatibilityVersion = "Xcode 14.0";
			developmentRegion = en;
			hasScannedForEncodings = 0;
			knownRegions = (
				en,
				Base,
			);
			mainGroup = 1B8022C32C50DF4F00DC7C9D;
			productRefGroup = 1B8022CD2C50DF4F00DC7C9D /* Products */;
			projectDirPath = "";
			projectRoot = "";
			targets = (
				1B8022CB2C50DF4F00DC7C9D /* SwiftyWords */,
				1B8022E12C50DF5000DC7C9D /* SwiftyWordsTests */,
				1B8022EB2C50DF5000DC7C9D /* SwiftyWordsUITests */,
			);
		};
/* End PBXProject section */

/* Begin PBXResourcesBuildPhase section */
		1B8022CA2C50DF4F00DC7C9D /* Resources */ = {
			isa = PBXResourcesBuildPhase;
			buildActionMask = 2147483647;
			files = (
				1B8022D92C50DF5000DC7C9D /* Assets.xcassets in Resources */,
				1B8022DC2C50DF5000DC7C9D /* Base in Resources */,
				1B8022D72C50DF4F00DC7C9D /* Base in Resources */,
			);
			runOnlyForDeploymentPostprocessing = 0;
		};
		1B8022E02C50DF5000DC7C9D /* Resources */ = {
			isa = PBXResourcesBuildPhase;
			buildActionMask = 2147483647;
			files = (
			);
			runOnlyForDeploymentPostprocessing = 0;
		};
		1B8022EA2C50DF5000DC7C9D /* Resources */ = {
			isa = PBXResourcesBuildPhase;
			buildActionMask = 2147483647;
			files = (
				1B8023062C51181800DC7C9D /* level2.txt in Resources */,
				1B8023042C51180300DC7C9D /* level1.txt in Resources */,
			);
			runOnlyForDeploymentPostprocessing = 0;
		};
/* End PBXResourcesBuildPhase section */

/* Begin PBXSourcesBuildPhase section */
		1B8022C82C50DF4F00DC7C9D /* Sources */ = {
			isa = PBXSourcesBuildPhase;
			buildActionMask = 2147483647;
			files = (
				1B8022D42C50DF4F00DC7C9D /* LandingVC.swift in Sources */,
				1B8022D02C50DF4F00DC7C9D /* AppDelegate.swift in Sources */,
				1B8022D22C50DF4F00DC7C9D /* SceneDelegate.swift in Sources */,
			);
			runOnlyForDeploymentPostprocessing = 0;
		};
		1B8022DE2C50DF5000DC7C9D /* Sources */ = {
			isa = PBXSourcesBuildPhase;
			buildActionMask = 2147483647;
			files = (
				1B8022E72C50DF5000DC7C9D /* SwiftyWordsTests.swift in Sources */,
			);
			runOnlyForDeploymentPostprocessing = 0;
		};
		1B8022E82C50DF5000DC7C9D /* Sources */ = {
			isa = PBXSourcesBuildPhase;
			buildActionMask = 2147483647;
			files = (
				1B8022F32C50DF5000DC7C9D /* SwiftyWordsUITestsLaunchTests.swift in Sources */,
				1B8022F12C50DF5000DC7C9D /* SwiftyWordsUITests.swift in Sources */,
			);
			runOnlyForDeploymentPostprocessing = 0;
		};
/* End PBXSourcesBuildPhase section */

/* Begin PBXTargetDependency section */
		1B8022E42C50DF5000DC7C9D /* PBXTargetDependency */ = {
			isa = PBXTargetDependency;
			target = 1B8022CB2C50DF4F00DC7C9D /* SwiftyWords */;
			targetProxy = 1B8022E32C50DF5000DC7C9D /* PBXContainerItemProxy */;
		};
		1B8022EE2C50DF5000DC7C9D /* PBXTargetDependency */ = {
			isa = PBXTargetDependency;
			target = 1B8022CB2C50DF4F00DC7C9D /* SwiftyWords */;
			targetProxy = 1B8022ED2C50DF5000DC7C9D /* PBXContainerItemProxy */;
		};
/* End PBXTargetDependency section */

/* Begin PBXVariantGroup section */
		1B8022D52C50DF4F00DC7C9D /* Main.storyboard */ = {
			isa = PBXVariantGroup;
			children = (
				1B8022D62C50DF4F00DC7C9D /* Base */,
			);
			name = Main.storyboard;
			sourceTree = "<group>";
		};
		1B8022DA2C50DF5000DC7C9D /* LaunchScreen.storyboard */ = {
			isa = PBXVariantGroup;
			children = (
				1B8022DB2C50DF5000DC7C9D /* Base */,
			);
			name = LaunchScreen.storyboard;
			sourceTree = "<group>";
		};
/* End PBXVariantGroup section */

/* Begin XCBuildConfiguration section */
		1B8022F42C50DF5000DC7C9D /* Debug */ = {
			isa = XCBuildConfiguration;
			buildSettings = {
				ALWAYS_SEARCH_USER_PATHS = NO;
				ASSETCATALOG_COMPILER_GENERATE_SWIFT_ASSET_SYMBOL_EXTENSIONS = YES;
				CLANG_ANALYZER_NONNULL = YES;
				CLANG_ANALYZER_NUMBER_OBJECT_CONVERSION = YES_AGGRESSIVE;
				CLANG_CXX_LANGUAGE_STANDARD = "gnu++20";
				CLANG_ENABLE_MODULES = YES;
				CLANG_ENABLE_OBJC_ARC = YES;
				CLANG_ENABLE_OBJC_WEAK = YES;
				CLANG_WARN_BLOCK_CAPTURE_AUTORELEASING = YES;
				CLANG_WARN_BOOL_CONVERSION = YES;
				CLANG_WARN_COMMA = YES;
				CLANG_WARN_CONSTANT_CONVERSION = YES;
				CLANG_WARN_DEPRECATED_OBJC_IMPLEMENTATIONS = YES;
				CLANG_WARN_DIRECT_OBJC_ISA_USAGE = YES_ERROR;
				CLANG_WARN_DOCUMENTATION_COMMENTS = YES;
				CLANG_WARN_EMPTY_BODY = YES;
				CLANG_WARN_ENUM_CONVERSION = YES;
				CLANG_WARN_INFINITE_RECURSION = YES;
				CLANG_WARN_INT_CONVERSION = YES;
				CLANG_WARN_NON_LITERAL_NULL_CONVERSION = YES;
				CLANG_WARN_OBJC_IMPLICIT_RETAIN_SELF = YES;
				CLANG_WARN_OBJC_LITERAL_CONVERSION = YES;
				CLANG_WARN_OBJC_ROOT_CLASS = YES_ERROR;
				CLANG_WARN_QUOTED_INCLUDE_IN_FRAMEWORK_HEADER = YES;
				CLANG_WARN_RANGE_LOOP_ANALYSIS = YES;
				CLANG_WARN_STRICT_PROTOTYPES = YES;
				CLANG_WARN_SUSPICIOUS_MOVE = YES;
				CLANG_WARN_UNGUARDED_AVAILABILITY = YES_AGGRESSIVE;
				CLANG_WARN_UNREACHABLE_CODE = YES;
				CLANG_WARN__DUPLICATE_METHOD_MATCH = YES;
				COPY_PHASE_STRIP = NO;
				DEBUG_INFORMATION_FORMAT = dwarf;
				ENABLE_STRICT_OBJC_MSGSEND = YES;
				ENABLE_TESTABILITY = YES;
				ENABLE_USER_SCRIPT_SANDBOXING = YES;
				GCC_C_LANGUAGE_STANDARD = gnu17;
				GCC_DYNAMIC_NO_PIC = NO;
				GCC_NO_COMMON_BLOCKS = YES;
				GCC_OPTIMIZATION_LEVEL = 0;
				GCC_PREPROCESSOR_DEFINITIONS = (
					"DEBUG=1",
					"$(inherited)",
				);
				GCC_WARN_64_TO_32_BIT_CONVERSION = YES;
				GCC_WARN_ABOUT_RETURN_TYPE = YES_ERROR;
				GCC_WARN_UNDECLARED_SELECTOR = YES;
				GCC_WARN_UNINITIALIZED_AUTOS = YES_AGGRESSIVE;
				GCC_WARN_UNUSED_FUNCTION = YES;
				GCC_WARN_UNUSED_VARIABLE = YES;
				IPHONEOS_DEPLOYMENT_TARGET = 17.5;
				LOCALIZATION_PREFERS_STRING_CATALOGS = YES;
				MTL_ENABLE_DEBUG_INFO = INCLUDE_SOURCE;
				MTL_FAST_MATH = YES;
				ONLY_ACTIVE_ARCH = YES;
				SDKROOT = iphoneos;
				SWIFT_ACTIVE_COMPILATION_CONDITIONS = "DEBUG $(inherited)";
				SWIFT_OPTIMIZATION_LEVEL = "-Onone";
			};
			name = Debug;
		};
		1B8022F52C50DF5000DC7C9D /* Release */ = {
			isa = XCBuildConfiguration;
			buildSettings = {
				ALWAYS_SEARCH_USER_PATHS = NO;
				ASSETCATALOG_COMPILER_GENERATE_SWIFT_ASSET_SYMBOL_EXTENSIONS = YES;
				CLANG_ANALYZER_NONNULL = YES;
				CLANG_ANALYZER_NUMBER_OBJECT_CONVERSION = YES_AGGRESSIVE;
				CLANG_CXX_LANGUAGE_STANDARD = "gnu++20";
				CLANG_ENABLE_MODULES = YES;
				CLANG_ENABLE_OBJC_ARC = YES;
				CLANG_ENABLE_OBJC_WEAK = YES;
				CLANG_WARN_BLOCK_CAPTURE_AUTORELEASING = YES;
				CLANG_WARN_BOOL_CONVERSION = YES;
				CLANG_WARN_COMMA = YES;
				CLANG_WARN_CONSTANT_CONVERSION = YES;
				CLANG_WARN_DEPRECATED_OBJC_IMPLEMENTATIONS = YES;
				CLANG_WARN_DIRECT_OBJC_ISA_USAGE = YES_ERROR;
				CLANG_WARN_DOCUMENTATION_COMMENTS = YES;
				CLANG_WARN_EMPTY_BODY = YES;
				CLANG_WARN_ENUM_CONVERSION = YES;
				CLANG_WARN_INFINITE_RECURSION = YES;
				CLANG_WARN_INT_CONVERSION = YES;
				CLANG_WARN_NON_LITERAL_NULL_CONVERSION = YES;
				CLANG_WARN_OBJC_IMPLICIT_RETAIN_SELF = YES;
				CLANG_WARN_OBJC_LITERAL_CONVERSION = YES;
				CLANG_WARN_OBJC_ROOT_CLASS = YES_ERROR;
				CLANG_WARN_QUOTED_INCLUDE_IN_FRAMEWORK_HEADER = YES;
				CLANG_WARN_RANGE_LOOP_ANALYSIS = YES;
				CLANG_WARN_STRICT_PROTOTYPES = YES;
				CLANG_WARN_SUSPICIOUS_MOVE = YES;
				CLANG_WARN_UNGUARDED_AVAILABILITY = YES_AGGRESSIVE;
				CLANG_WARN_UNREACHABLE_CODE = YES;
				CLANG_WARN__DUPLICATE_METHOD_MATCH = YES;
				COPY_PHASE_STRIP = NO;
				DEBUG_INFORMATION_FORMAT = "dwarf-with-dsym";
				ENABLE_NS_ASSERTIONS = NO;
				ENABLE_STRICT_OBJC_MSGSEND = YES;
				ENABLE_USER_SCRIPT_SANDBOXING = YES;
				GCC_C_LANGUAGE_STANDARD = gnu17;
				GCC_NO_COMMON_BLOCKS = YES;
				GCC_WARN_64_TO_32_BIT_CONVERSION = YES;
				GCC_WARN_ABOUT_RETURN_TYPE = YES_ERROR;
				GCC_WARN_UNDECLARED_SELECTOR = YES;
				GCC_WARN_UNINITIALIZED_AUTOS = YES_AGGRESSIVE;
				GCC_WARN_UNUSED_FUNCTION = YES;
				GCC_WARN_UNUSED_VARIABLE = YES;
				IPHONEOS_DEPLOYMENT_TARGET = 17.5;
				LOCALIZATION_PREFERS_STRING_CATALOGS = YES;
				MTL_ENABLE_DEBUG_INFO = NO;
				MTL_FAST_MATH = YES;
				SDKROOT = iphoneos;
				SWIFT_COMPILATION_MODE = wholemodule;
				VALIDATE_PRODUCT = YES;
			};
			name = Release;
		};
		1B8022F72C50DF5000DC7C9D /* Debug */ = {
			isa = XCBuildConfiguration;
			buildSettings = {
				ASSETCATALOG_COMPILER_APPICON_NAME = AppIcon;
				ASSETCATALOG_COMPILER_GLOBAL_ACCENT_COLOR_NAME = AccentColor;
				CODE_SIGN_STYLE = Automatic;
				CURRENT_PROJECT_VERSION = 1;
				GENERATE_INFOPLIST_FILE = YES;
				INFOPLIST_FILE = SwiftyWords/Info.plist;
				INFOPLIST_KEY_UIApplicationSupportsIndirectInputEvents = YES;
				INFOPLIST_KEY_UILaunchStoryboardName = LaunchScreen;
				INFOPLIST_KEY_UIMainStoryboardFile = Main;
				INFOPLIST_KEY_UIStatusBarStyle = "";
				INFOPLIST_KEY_UISupportedInterfaceOrientations_iPad = "UIInterfaceOrientationPortrait UIInterfaceOrientationPortraitUpsideDown UIInterfaceOrientationLandscapeLeft UIInterfaceOrientationLandscapeRight";
				INFOPLIST_KEY_UISupportedInterfaceOrientations_iPhone = "UIInterfaceOrientationPortrait UIInterfaceOrientationLandscapeLeft UIInterfaceOrientationLandscapeRight";
				LD_RUNPATH_SEARCH_PATHS = (
					"$(inherited)",
					"@executable_path/Frameworks",
				);
				MARKETING_VERSION = 1.0;
				PRODUCT_BUNDLE_IDENTIFIER = antino.SwiftyWords;
				PRODUCT_NAME = "$(TARGET_NAME)";
				SWIFT_EMIT_LOC_STRINGS = YES;
				SWIFT_VERSION = 5.0;
				TARGETED_DEVICE_FAMILY = "1,2";
			};
			name = Debug;
		};
		1B8022F82C50DF5000DC7C9D /* Release */ = {
			isa = XCBuildConfiguration;
			buildSettings = {
				ASSETCATALOG_COMPILER_APPICON_NAME = AppIcon;
				ASSETCATALOG_COMPILER_GLOBAL_ACCENT_COLOR_NAME = AccentColor;
				CODE_SIGN_STYLE = Automatic;
				CURRENT_PROJECT_VERSION = 1;
				GENERATE_INFOPLIST_FILE = YES;
				INFOPLIST_FILE = SwiftyWords/Info.plist;
				INFOPLIST_KEY_UIApplicationSupportsIndirectInputEvents = YES;
				INFOPLIST_KEY_UILaunchStoryboardName = LaunchScreen;
				INFOPLIST_KEY_UIMainStoryboardFile = Main;
				INFOPLIST_KEY_UIStatusBarStyle = "";
				INFOPLIST_KEY_UISupportedInterfaceOrientations_iPad = "UIInterfaceOrientationPortrait UIInterfaceOrientationPortraitUpsideDown UIInterfaceOrientationLandscapeLeft UIInterfaceOrientationLandscapeRight";
				INFOPLIST_KEY_UISupportedInterfaceOrientations_iPhone = "UIInterfaceOrientationPortrait UIInterfaceOrientationLandscapeLeft UIInterfaceOrientationLandscapeRight";
				LD_RUNPATH_SEARCH_PATHS = (
					"$(inherited)",
					"@executable_path/Frameworks",
				);
				MARKETING_VERSION = 1.0;
				PRODUCT_BUNDLE_IDENTIFIER = antino.SwiftyWords;
				PRODUCT_NAME = "$(TARGET_NAME)";
				SWIFT_EMIT_LOC_STRINGS = YES;
				SWIFT_VERSION = 5.0;
				TARGETED_DEVICE_FAMILY = "1,2";
			};
			name = Release;
		};
		1B8022FA2C50DF5000DC7C9D /* Debug */ = {
			isa = XCBuildConfiguration;
			buildSettings = {
				ALWAYS_EMBED_SWIFT_STANDARD_LIBRARIES = YES;
				BUNDLE_LOADER = "$(TEST_HOST)";
				CODE_SIGN_STYLE = Automatic;
				CURRENT_PROJECT_VERSION = 1;
				GENERATE_INFOPLIST_FILE = YES;
				IPHONEOS_DEPLOYMENT_TARGET = 17.5;
				MARKETING_VERSION = 1.0;
				PRODUCT_BUNDLE_IDENTIFIER = antino.SwiftyWordsTests;
				PRODUCT_NAME = "$(TARGET_NAME)";
				SWIFT_EMIT_LOC_STRINGS = NO;
				SWIFT_VERSION = 5.0;
				TARGETED_DEVICE_FAMILY = "1,2";
				TEST_HOST = "$(BUILT_PRODUCTS_DIR)/SwiftyWords.app/$(BUNDLE_EXECUTABLE_FOLDER_PATH)/SwiftyWords";
			};
			name = Debug;
		};
		1B8022FB2C50DF5000DC7C9D /* Release */ = {
			isa = XCBuildConfiguration;
			buildSettings = {
				ALWAYS_EMBED_SWIFT_STANDARD_LIBRARIES = YES;
				BUNDLE_LOADER = "$(TEST_HOST)";
				CODE_SIGN_STYLE = Automatic;
				CURRENT_PROJECT_VERSION = 1;
				GENERATE_INFOPLIST_FILE = YES;
				IPHONEOS_DEPLOYMENT_TARGET = 17.5;
				MARKETING_VERSION = 1.0;
				PRODUCT_BUNDLE_IDENTIFIER = antino.SwiftyWordsTests;
				PRODUCT_NAME = "$(TARGET_NAME)";
				SWIFT_EMIT_LOC_STRINGS = NO;
				SWIFT_VERSION = 5.0;
				TARGETED_DEVICE_FAMILY = "1,2";
				TEST_HOST = "$(BUILT_PRODUCTS_DIR)/SwiftyWords.app/$(BUNDLE_EXECUTABLE_FOLDER_PATH)/SwiftyWords";
			};
			name = Release;
		};
		1B8022FD2C50DF5000DC7C9D /* Debug */ = {
			isa = XCBuildConfiguration;
			buildSettings = {
				ALWAYS_EMBED_SWIFT_STANDARD_LIBRARIES = YES;
				CODE_SIGN_STYLE = Automatic;
				CURRENT_PROJECT_VERSION = 1;
				GENERATE_INFOPLIST_FILE = YES;
				MARKETING_VERSION = 1.0;
				PRODUCT_BUNDLE_IDENTIFIER = antino.SwiftyWordsUITests;
				PRODUCT_NAME = "$(TARGET_NAME)";
				SWIFT_EMIT_LOC_STRINGS = NO;
				SWIFT_VERSION = 5.0;
				TARGETED_DEVICE_FAMILY = "1,2";
				TEST_TARGET_NAME = SwiftyWords;
			};
			name = Debug;
		};
		1B8022FE2C50DF5000DC7C9D /* Release */ = {
			isa = XCBuildConfiguration;
			buildSettings = {
				ALWAYS_EMBED_SWIFT_STANDARD_LIBRARIES = YES;
				CODE_SIGN_STYLE = Automatic;
				CURRENT_PROJECT_VERSION = 1;
				GENERATE_INFOPLIST_FILE = YES;
				MARKETING_VERSION = 1.0;
				PRODUCT_BUNDLE_IDENTIFIER = antino.SwiftyWordsUITests;
				PRODUCT_NAME = "$(TARGET_NAME)";
				SWIFT_EMIT_LOC_STRINGS = NO;
				SWIFT_VERSION = 5.0;
				TARGETED_DEVICE_FAMILY = "1,2";
				TEST_TARGET_NAME = SwiftyWords;
			};
			name = Release;
		};
/* End XCBuildConfiguration section */

/* Begin XCConfigurationList section */
		1B8022C72C50DF4F00DC7C9D /* Build configuration list for PBXProject "SwiftyWords" */ = {
			isa = XCConfigurationList;
			buildConfigurations = (
				1B8022F42C50DF5000DC7C9D /* Debug */,
				1B8022F52C50DF5000DC7C9D /* Release */,
			);
			defaultConfigurationIsVisible = 0;
			defaultConfigurationName = Release;
		};
		1B8022F62C50DF5000DC7C9D /* Build configuration list for PBXNativeTarget "SwiftyWords" */ = {
			isa = XCConfigurationList;
			buildConfigurations = (
				1B8022F72C50DF5000DC7C9D /* Debug */,
				1B8022F82C50DF5000DC7C9D /* Release */,
			);
			defaultConfigurationIsVisible = 0;
			defaultConfigurationName = Release;
		};
		1B8022F92C50DF5000DC7C9D /* Build configuration list for PBXNativeTarget "SwiftyWordsTests" */ = {
			isa = XCConfigurationList;
			buildConfigurations = (
				1B8022FA2C50DF5000DC7C9D /* Debug */,
				1B8022FB2C50DF5000DC7C9D /* Release */,
			);
			defaultConfigurationIsVisible = 0;
			defaultConfigurationName = Release;
		};
		1B8022FC2C50DF5000DC7C9D /* Build configuration list for PBXNativeTarget "SwiftyWordsUITests" */ = {
			isa = XCConfigurationList;
			buildConfigurations = (
				1B8022FD2C50DF5000DC7C9D /* Debug */,
				1B8022FE2C50DF5000DC7C9D /* Release */,
			);
			defaultConfigurationIsVisible = 0;
			defaultConfigurationName = Release;
		};
/* End XCConfigurationList section */
	};
	rootObject = 1B8022C42C50DF4F00DC7C9D /* Project object */;
}
