// !$*UTF8*$!
{
	archiveVersion = 1;
	classes = {
	};
	objectVersion = 56;
	objects = {

/* Begin PBXBuildFile section */
		1B1D27852C46672600B96AA5 /* AppDelegate.swift in Sources */ = {isa = PBXBuildFile; fileRef = 1B1D27842C46672600B96AA5 /* AppDelegate.swift */; };
		1B1D27872C46672600B96AA5 /* SceneDelegate.swift in Sources */ = {isa = PBXBuildFile; fileRef = 1B1D27862C46672600B96AA5 /* SceneDelegate.swift */; };
		1B1D27892C46672600B96AA5 /* AddStudentVC.swift in Sources */ = {isa = PBXBuildFile; fileRef = 1B1D27882C46672600B96AA5 /* AddStudentVC.swift */; };
		1B1D278C2C46672600B96AA5 /* Base in Resources */ = {isa = PBXBuildFile; fileRef = 1B1D278B2C46672600B96AA5 /* Base */; };
		1B1D278E2C46672800B96AA5 /* Assets.xcassets in Resources */ = {isa = PBXBuildFile; fileRef = 1B1D278D2C46672800B96AA5 /* Assets.xcassets */; };
		1B1D27912C46672800B96AA5 /* Base in Resources */ = {isa = PBXBuildFile; fileRef = 1B1D27902C46672800B96AA5 /* Base */; };
		1B1D279C2C46672800B96AA5 /* SampleAppTests.swift in Sources */ = {isa = PBXBuildFile; fileRef = 1B1D279B2C46672800B96AA5 /* SampleAppTests.swift */; };
		1B1D27A62C46672800B96AA5 /* SampleAppUITests.swift in Sources */ = {isa = PBXBuildFile; fileRef = 1B1D27A52C46672800B96AA5 /* SampleAppUITests.swift */; };
		1B1D27A82C46672800B96AA5 /* SampleAppUITestsLaunchTests.swift in Sources */ = {isa = PBXBuildFile; fileRef = 1B1D27A72C46672800B96AA5 /* SampleAppUITestsLaunchTests.swift */; };
		1B1D27B52C466F2100B96AA5 /* StudentListVC.swift in Sources */ = {isa = PBXBuildFile; fileRef = 1B1D27B42C466F2100B96AA5 /* StudentListVC.swift */; };
		1BC88ABA2C478BAC00F057F8 /* StudentTableViewCell.swift in Sources */ = {isa = PBXBuildFile; fileRef = 1BC88AB92C478BAC00F057F8 /* StudentTableViewCell.swift */; };
		1BC88ABC2C478CF800F057F8 /* Student.swift in Sources */ = {isa = PBXBuildFile; fileRef = 1BC88ABB2C478CF800F057F8 /* Student.swift */; };
		1BC88AC02C47999400F057F8 /* LandingVC.swift in Sources */ = {isa = PBXBuildFile; fileRef = 1BC88ABF2C47999400F057F8 /* LandingVC.swift */; };
/* End PBXBuildFile section */

/* Begin PBXContainerItemProxy section */
		1B1D27982C46672800B96AA5 /* PBXContainerItemProxy */ = {
			isa = PBXContainerItemProxy;
			containerPortal = 1B1D27792C46672600B96AA5 /* Project object */;
			proxyType = 1;
			remoteGlobalIDString = 1B1D27802C46672600B96AA5;
			remoteInfo = SampleApp;
		};
		1B1D27A22C46672800B96AA5 /* PBXContainerItemProxy */ = {
			isa = PBXContainerItemProxy;
			containerPortal = 1B1D27792C46672600B96AA5 /* Project object */;
			proxyType = 1;
			remoteGlobalIDString = 1B1D27802C46672600B96AA5;
			remoteInfo = SampleApp;
		};
/* End PBXContainerItemProxy section */

/* Begin PBXFileReference section */
		1B1D27812C46672600B96AA5 /* SampleApp.app */ = {isa = PBXFileReference; explicitFileType = wrapper.application; includeInIndex = 0; path = SampleApp.app; sourceTree = BUILT_PRODUCTS_DIR; };
		1B1D27842C46672600B96AA5 /* AppDelegate.swift */ = {isa = PBXFileReference; lastKnownFileType = sourcecode.swift; path = AppDelegate.swift; sourceTree = "<group>"; };
		1B1D27862C46672600B96AA5 /* SceneDelegate.swift */ = {isa = PBXFileReference; lastKnownFileType = sourcecode.swift; path = SceneDelegate.swift; sourceTree = "<group>"; };
		1B1D27882C46672600B96AA5 /* AddStudentVC.swift */ = {isa = PBXFileReference; lastKnownFileType = sourcecode.swift; path = AddStudentVC.swift; sourceTree = "<group>"; };
		1B1D278B2C46672600B96AA5 /* Base */ = {isa = PBXFileReference; lastKnownFileType = file.storyboard; name = Base; path = Base.lproj/Main.storyboard; sourceTree = "<group>"; };
		1B1D278D2C46672800B96AA5 /* Assets.xcassets */ = {isa = PBXFileReference; lastKnownFileType = folder.assetcatalog; path = Assets.xcassets; sourceTree = "<group>"; };
		1B1D27902C46672800B96AA5 /* Base */ = {isa = PBXFileReference; lastKnownFileType = file.storyboard; name = Base; path = Base.lproj/LaunchScreen.storyboard; sourceTree = "<group>"; };
		1B1D27922C46672800B96AA5 /* Info.plist */ = {isa = PBXFileReference; lastKnownFileType = text.plist.xml; path = Info.plist; sourceTree = "<group>"; };
		1B1D27972C46672800B96AA5 /* SampleAppTests.xctest */ = {isa = PBXFileReference; explicitFileType = wrapper.cfbundle; includeInIndex = 0; path = SampleAppTests.xctest; sourceTree = BUILT_PRODUCTS_DIR; };
		1B1D279B2C46672800B96AA5 /* SampleAppTests.swift */ = {isa = PBXFileReference; lastKnownFileType = sourcecode.swift; path = SampleAppTests.swift; sourceTree = "<group>"; };
		1B1D27A12C46672800B96AA5 /* SampleAppUITests.xctest */ = {isa = PBXFileReference; explicitFileType = wrapper.cfbundle; includeInIndex = 0; path = SampleAppUITests.xctest; sourceTree = BUILT_PRODUCTS_DIR; };
		1B1D27A52C46672800B96AA5 /* SampleAppUITests.swift */ = {isa = PBXFileReference; lastKnownFileType = sourcecode.swift; path = SampleAppUITests.swift; sourceTree = "<group>"; };
		1B1D27A72C46672800B96AA5 /* SampleAppUITestsLaunchTests.swift */ = {isa = PBXFileReference; lastKnownFileType = sourcecode.swift; path = SampleAppUITestsLaunchTests.swift; sourceTree = "<group>"; };
		1B1D27B42C466F2100B96AA5 /* StudentListVC.swift */ = {isa = PBXFileReference; lastKnownFileType = sourcecode.swift; path = StudentListVC.swift; sourceTree = "<group>"; };
		1BC88AB92C478BAC00F057F8 /* StudentTableViewCell.swift */ = {isa = PBXFileReference; lastKnownFileType = sourcecode.swift; path = StudentTableViewCell.swift; sourceTree = "<group>"; };
		1BC88ABB2C478CF800F057F8 /* Student.swift */ = {isa = PBXFileReference; lastKnownFileType = sourcecode.swift; path = Student.swift; sourceTree = "<group>"; };
		1BC88ABF2C47999400F057F8 /* LandingVC.swift */ = {isa = PBXFileReference; lastKnownFileType = sourcecode.swift; path = LandingVC.swift; sourceTree = "<group>"; };
/* End PBXFileReference section */

/* Begin PBXFrameworksBuildPhase section */
		1B1D277E2C46672600B96AA5 /* Frameworks */ = {
			isa = PBXFrameworksBuildPhase;
			buildActionMask = 2147483647;
			files = (
			);
			runOnlyForDeploymentPostprocessing = 0;
		};
		1B1D27942C46672800B96AA5 /* Frameworks */ = {
			isa = PBXFrameworksBuildPhase;
			buildActionMask = 2147483647;
			files = (
			);
			runOnlyForDeploymentPostprocessing = 0;
		};
		1B1D279E2C46672800B96AA5 /* Frameworks */ = {
			isa = PBXFrameworksBuildPhase;
			buildActionMask = 2147483647;
			files = (
			);
			runOnlyForDeploymentPostprocessing = 0;
		};
/* End PBXFrameworksBuildPhase section */

/* Begin PBXGroup section */
		1B1D27782C46672600B96AA5 = {
			isa = PBXGroup;
			children = (
				1B1D27832C46672600B96AA5 /* SampleApp */,
				1B1D279A2C46672800B96AA5 /* SampleAppTests */,
				1B1D27A42C46672800B96AA5 /* SampleAppUITests */,
				1B1D27822C46672600B96AA5 /* Products */,
			);
			sourceTree = "<group>";
		};
		1B1D27822C46672600B96AA5 /* Products */ = {
			isa = PBXGroup;
			children = (
				1B1D27812C46672600B96AA5 /* SampleApp.app */,
				1B1D27972C46672800B96AA5 /* SampleAppTests.xctest */,
				1B1D27A12C46672800B96AA5 /* SampleAppUITests.xctest */,
			);
			name = Products;
			sourceTree = "<group>";
		};
		1B1D27832C46672600B96AA5 /* SampleApp */ = {
			isa = PBXGroup;
			children = (
				1B1D27842C46672600B96AA5 /* AppDelegate.swift */,
				1B1D27862C46672600B96AA5 /* SceneDelegate.swift */,
				1BC88ABF2C47999400F057F8 /* LandingVC.swift */,
				1B1D27882C46672600B96AA5 /* AddStudentVC.swift */,
				1B1D27B42C466F2100B96AA5 /* StudentListVC.swift */,
				1BC88AB92C478BAC00F057F8 /* StudentTableViewCell.swift */,
				1BC88ABB2C478CF800F057F8 /* Student.swift */,
				1B1D278A2C46672600B96AA5 /* Main.storyboard */,
				1B1D278D2C46672800B96AA5 /* Assets.xcassets */,
				1B1D278F2C46672800B96AA5 /* LaunchScreen.storyboard */,
				1B1D27922C46672800B96AA5 /* Info.plist */,
			);
			path = SampleApp;
			sourceTree = "<group>";
		};
		1B1D279A2C46672800B96AA5 /* SampleAppTests */ = {
			isa = PBXGroup;
			children = (
				1B1D279B2C46672800B96AA5 /* SampleAppTests.swift */,
			);
			path = SampleAppTests;
			sourceTree = "<group>";
		};
		1B1D27A42C46672800B96AA5 /* SampleAppUITests */ = {
			isa = PBXGroup;
			children = (
				1B1D27A52C46672800B96AA5 /* SampleAppUITests.swift */,
				1B1D27A72C46672800B96AA5 /* SampleAppUITestsLaunchTests.swift */,
			);
			path = SampleAppUITests;
			sourceTree = "<group>";
		};
/* End PBXGroup section */

/* Begin PBXNativeTarget section */
		1B1D27802C46672600B96AA5 /* SampleApp */ = {
			isa = PBXNativeTarget;
			buildConfigurationList = 1B1D27AB2C46672800B96AA5 /* Build configuration list for PBXNativeTarget "SampleApp" */;
			buildPhases = (
				1B1D277D2C46672600B96AA5 /* Sources */,
				1B1D277E2C46672600B96AA5 /* Frameworks */,
				1B1D277F2C46672600B96AA5 /* Resources */,
			);
			buildRules = (
			);
			dependencies = (
			);
			name = SampleApp;
			productName = SampleApp;
			productReference = 1B1D27812C46672600B96AA5 /* SampleApp.app */;
			productType = "com.apple.product-type.application";
		};
		1B1D27962C46672800B96AA5 /* SampleAppTests */ = {
			isa = PBXNativeTarget;
			buildConfigurationList = 1B1D27AE2C46672800B96AA5 /* Build configuration list for PBXNativeTarget "SampleAppTests" */;
			buildPhases = (
				1B1D27932C46672800B96AA5 /* Sources */,
				1B1D27942C46672800B96AA5 /* Frameworks */,
				1B1D27952C46672800B96AA5 /* Resources */,
			);
			buildRules = (
			);
			dependencies = (
				1B1D27992C46672800B96AA5 /* PBXTargetDependency */,
			);
			name = SampleAppTests;
			productName = SampleAppTests;
			productReference = 1B1D27972C46672800B96AA5 /* SampleAppTests.xctest */;
			productType = "com.apple.product-type.bundle.unit-test";
		};
		1B1D27A02C46672800B96AA5 /* SampleAppUITests */ = {
			isa = PBXNativeTarget;
			buildConfigurationList = 1B1D27B12C46672800B96AA5 /* Build configuration list for PBXNativeTarget "SampleAppUITests" */;
			buildPhases = (
				1B1D279D2C46672800B96AA5 /* Sources */,
				1B1D279E2C46672800B96AA5 /* Frameworks */,
				1B1D279F2C46672800B96AA5 /* Resources */,
			);
			buildRules = (
			);
			dependencies = (
				1B1D27A32C46672800B96AA5 /* PBXTargetDependency */,
			);
			name = SampleAppUITests;
			productName = SampleAppUITests;
			productReference = 1B1D27A12C46672800B96AA5 /* SampleAppUITests.xctest */;
			productType = "com.apple.product-type.bundle.ui-testing";
		};
/* End PBXNativeTarget section */

/* Begin PBXProject section */
		1B1D27792C46672600B96AA5 /* Project object */ = {
			isa = PBXProject;
			attributes = {
				BuildIndependentTargetsInParallel = 1;
				LastSwiftUpdateCheck = 1540;
				LastUpgradeCheck = 1540;
				TargetAttributes = {
					1B1D27802C46672600B96AA5 = {
						CreatedOnToolsVersion = 15.4;
					};
					1B1D27962C46672800B96AA5 = {
						CreatedOnToolsVersion = 15.4;
						TestTargetID = 1B1D27802C46672600B96AA5;
					};
					1B1D27A02C46672800B96AA5 = {
						CreatedOnToolsVersion = 15.4;
						TestTargetID = 1B1D27802C46672600B96AA5;
					};
				};
			};
			buildConfigurationList = 1B1D277C2C46672600B96AA5 /* Build configuration list for PBXProject "SampleApp" */;
			compatibilityVersion = "Xcode 14.0";
			developmentRegion = en;
			hasScannedForEncodings = 0;
			knownRegions = (
				en,
				Base,
			);
			mainGroup = 1B1D27782C46672600B96AA5;
			productRefGroup = 1B1D27822C46672600B96AA5 /* Products */;
			projectDirPath = "";
			projectRoot = "";
			targets = (
				1B1D27802C46672600B96AA5 /* SampleApp */,
				1B1D27962C46672800B96AA5 /* SampleAppTests */,
				1B1D27A02C46672800B96AA5 /* SampleAppUITests */,
			);
		};
/* End PBXProject section */

/* Begin PBXResourcesBuildPhase section */
		1B1D277F2C46672600B96AA5 /* Resources */ = {
			isa = PBXResourcesBuildPhase;
			buildActionMask = 2147483647;
			files = (
				1B1D278E2C46672800B96AA5 /* Assets.xcassets in Resources */,
				1B1D27912C46672800B96AA5 /* Base in Resources */,
				1B1D278C2C46672600B96AA5 /* Base in Resources */,
			);
			runOnlyForDeploymentPostprocessing = 0;
		};
		1B1D27952C46672800B96AA5 /* Resources */ = {
			isa = PBXResourcesBuildPhase;
			buildActionMask = 2147483647;
			files = (
			);
			runOnlyForDeploymentPostprocessing = 0;
		};
		1B1D279F2C46672800B96AA5 /* Resources */ = {
			isa = PBXResourcesBuildPhase;
			buildActionMask = 2147483647;
			files = (
			);
			runOnlyForDeploymentPostprocessing = 0;
		};
/* End PBXResourcesBuildPhase section */

/* Begin PBXSourcesBuildPhase section */
		1B1D277D2C46672600B96AA5 /* Sources */ = {
			isa = PBXSourcesBuildPhase;
			buildActionMask = 2147483647;
			files = (
				1B1D27892C46672600B96AA5 /* AddStudentVC.swift in Sources */,
				1BC88ABC2C478CF800F057F8 /* Student.swift in Sources */,
				1BC88ABA2C478BAC00F057F8 /* StudentTableViewCell.swift in Sources */,
				1BC88AC02C47999400F057F8 /* LandingVC.swift in Sources */,
				1B1D27852C46672600B96AA5 /* AppDelegate.swift in Sources */,
				1B1D27872C46672600B96AA5 /* SceneDelegate.swift in Sources */,
				1B1D27B52C466F2100B96AA5 /* StudentListVC.swift in Sources */,
			);
			runOnlyForDeploymentPostprocessing = 0;
		};
		1B1D27932C46672800B96AA5 /* Sources */ = {
			isa = PBXSourcesBuildPhase;
			buildActionMask = 2147483647;
			files = (
				1B1D279C2C46672800B96AA5 /* SampleAppTests.swift in Sources */,
			);
			runOnlyForDeploymentPostprocessing = 0;
		};
		1B1D279D2C46672800B96AA5 /* Sources */ = {
			isa = PBXSourcesBuildPhase;
			buildActionMask = 2147483647;
			files = (
				1B1D27A82C46672800B96AA5 /* SampleAppUITestsLaunchTests.swift in Sources */,
				1B1D27A62C46672800B96AA5 /* SampleAppUITests.swift in Sources */,
			);
			runOnlyForDeploymentPostprocessing = 0;
		};
/* End PBXSourcesBuildPhase section */

/* Begin PBXTargetDependency section */
		1B1D27992C46672800B96AA5 /* PBXTargetDependency */ = {
			isa = PBXTargetDependency;
			target = 1B1D27802C46672600B96AA5 /* SampleApp */;
			targetProxy = 1B1D27982C46672800B96AA5 /* PBXContainerItemProxy */;
		};
		1B1D27A32C46672800B96AA5 /* PBXTargetDependency */ = {
			isa = PBXTargetDependency;
			target = 1B1D27802C46672600B96AA5 /* SampleApp */;
			targetProxy = 1B1D27A22C46672800B96AA5 /* PBXContainerItemProxy */;
		};
/* End PBXTargetDependency section */

/* Begin PBXVariantGroup section */
		1B1D278A2C46672600B96AA5 /* Main.storyboard */ = {
			isa = PBXVariantGroup;
			children = (
				1B1D278B2C46672600B96AA5 /* Base */,
			);
			name = Main.storyboard;
			sourceTree = "<group>";
		};
		1B1D278F2C46672800B96AA5 /* LaunchScreen.storyboard */ = {
			isa = PBXVariantGroup;
			children = (
				1B1D27902C46672800B96AA5 /* Base */,
			);
			name = LaunchScreen.storyboard;
			sourceTree = "<group>";
		};
/* End PBXVariantGroup section */

/* Begin XCBuildConfiguration section */
		1B1D27A92C46672800B96AA5 /* Debug */ = {
			isa = XCBuildConfiguration;
			buildSettings = {
				ALWAYS_SEARCH_USER_PATHS = NO;
				ASSETCATALOG_COMPILER_GENERATE_SWIFT_ASSET_SYMBOL_EXTENSIONS = YES;
				CLANG_ANALYZER_NONNULL = YES;
				CLANG_ANALYZER_NUMBER_OBJECT_CONVERSION = YES_AGGRESSIVE;
				CLANG_CXX_LANGUAGE_STANDARD = "gnu++20";
				CLANG_ENABLE_MODULES = YES;
				CLANG_ENABLE_OBJC_ARC = YES;
				CLANG_ENABLE_OBJC_WEAK = YES;
				CLANG_WARN_BLOCK_CAPTURE_AUTORELEASING = YES;
				CLANG_WARN_BOOL_CONVERSION = YES;
				CLANG_WARN_COMMA = YES;
				CLANG_WARN_CONSTANT_CONVERSION = YES;
				CLANG_WARN_DEPRECATED_OBJC_IMPLEMENTATIONS = YES;
				CLANG_WARN_DIRECT_OBJC_ISA_USAGE = YES_ERROR;
				CLANG_WARN_DOCUMENTATION_COMMENTS = YES;
				CLANG_WARN_EMPTY_BODY = YES;
				CLANG_WARN_ENUM_CONVERSION = YES;
				CLANG_WARN_INFINITE_RECURSION = YES;
				CLANG_WARN_INT_CONVERSION = YES;
				CLANG_WARN_NON_LITERAL_NULL_CONVERSION = YES;
				CLANG_WARN_OBJC_IMPLICIT_RETAIN_SELF = YES;
				CLANG_WARN_OBJC_LITERAL_CONVERSION = YES;
				CLANG_WARN_OBJC_ROOT_CLASS = YES_ERROR;
				CLANG_WARN_QUOTED_INCLUDE_IN_FRAMEWORK_HEADER = YES;
				CLANG_WARN_RANGE_LOOP_ANALYSIS = YES;
				CLANG_WARN_STRICT_PROTOTYPES = YES;
				CLANG_WARN_SUSPICIOUS_MOVE = YES;
				CLANG_WARN_UNGUARDED_AVAILABILITY = YES_AGGRESSIVE;
				CLANG_WARN_UNREACHABLE_CODE = YES;
				CLANG_WARN__DUPLICATE_METHOD_MATCH = YES;
				COPY_PHASE_STRIP = NO;
				DEBUG_INFORMATION_FORMAT = dwarf;
				ENABLE_STRICT_OBJC_MSGSEND = YES;
				ENABLE_TESTABILITY = YES;
				ENABLE_USER_SCRIPT_SANDBOXING = YES;
				GCC_C_LANGUAGE_STANDARD = gnu17;
				GCC_DYNAMIC_NO_PIC = NO;
				GCC_NO_COMMON_BLOCKS = YES;
				GCC_OPTIMIZATION_LEVEL = 0;
				GCC_PREPROCESSOR_DEFINITIONS = (
					"DEBUG=1",
					"$(inherited)",
				);
				GCC_WARN_64_TO_32_BIT_CONVERSION = YES;
				GCC_WARN_ABOUT_RETURN_TYPE = YES_ERROR;
				GCC_WARN_UNDECLARED_SELECTOR = YES;
				GCC_WARN_UNINITIALIZED_AUTOS = YES_AGGRESSIVE;
				GCC_WARN_UNUSED_FUNCTION = YES;
				GCC_WARN_UNUSED_VARIABLE = YES;
				IPHONEOS_DEPLOYMENT_TARGET = 17.5;
				LOCALIZATION_PREFERS_STRING_CATALOGS = YES;
				MTL_ENABLE_DEBUG_INFO = INCLUDE_SOURCE;
				MTL_FAST_MATH = YES;
				ONLY_ACTIVE_ARCH = YES;
				SDKROOT = iphoneos;
				SWIFT_ACTIVE_COMPILATION_CONDITIONS = "DEBUG $(inherited)";
				SWIFT_OPTIMIZATION_LEVEL = "-Onone";
			};
			name = Debug;
		};
		1B1D27AA2C46672800B96AA5 /* Release */ = {
			isa = XCBuildConfiguration;
			buildSettings = {
				ALWAYS_SEARCH_USER_PATHS = NO;
				ASSETCATALOG_COMPILER_GENERATE_SWIFT_ASSET_SYMBOL_EXTENSIONS = YES;
				CLANG_ANALYZER_NONNULL = YES;
				CLANG_ANALYZER_NUMBER_OBJECT_CONVERSION = YES_AGGRESSIVE;
				CLANG_CXX_LANGUAGE_STANDARD = "gnu++20";
				CLANG_ENABLE_MODULES = YES;
				CLANG_ENABLE_OBJC_ARC = YES;
				CLANG_ENABLE_OBJC_WEAK = YES;
				CLANG_WARN_BLOCK_CAPTURE_AUTORELEASING = YES;
				CLANG_WARN_BOOL_CONVERSION = YES;
				CLANG_WARN_COMMA = YES;
				CLANG_WARN_CONSTANT_CONVERSION = YES;
				CLANG_WARN_DEPRECATED_OBJC_IMPLEMENTATIONS = YES;
				CLANG_WARN_DIRECT_OBJC_ISA_USAGE = YES_ERROR;
				CLANG_WARN_DOCUMENTATION_COMMENTS = YES;
				CLANG_WARN_EMPTY_BODY = YES;
				CLANG_WARN_ENUM_CONVERSION = YES;
				CLANG_WARN_INFINITE_RECURSION = YES;
				CLANG_WARN_INT_CONVERSION = YES;
				CLANG_WARN_NON_LITERAL_NULL_CONVERSION = YES;
				CLANG_WARN_OBJC_IMPLICIT_RETAIN_SELF = YES;
				CLANG_WARN_OBJC_LITERAL_CONVERSION = YES;
				CLANG_WARN_OBJC_ROOT_CLASS = YES_ERROR;
				CLANG_WARN_QUOTED_INCLUDE_IN_FRAMEWORK_HEADER = YES;
				CLANG_WARN_RANGE_LOOP_ANALYSIS = YES;
				CLANG_WARN_STRICT_PROTOTYPES = YES;
				CLANG_WARN_SUSPICIOUS_MOVE = YES;
				CLANG_WARN_UNGUARDED_AVAILABILITY = YES_AGGRESSIVE;
				CLANG_WARN_UNREACHABLE_CODE = YES;
				CLANG_WARN__DUPLICATE_METHOD_MATCH = YES;
				COPY_PHASE_STRIP = NO;
				DEBUG_INFORMATION_FORMAT = "dwarf-with-dsym";
				ENABLE_NS_ASSERTIONS = NO;
				ENABLE_STRICT_OBJC_MSGSEND = YES;
				ENABLE_USER_SCRIPT_SANDBOXING = YES;
				GCC_C_LANGUAGE_STANDARD = gnu17;
				GCC_NO_COMMON_BLOCKS = YES;
				GCC_WARN_64_TO_32_BIT_CONVERSION = YES;
				GCC_WARN_ABOUT_RETURN_TYPE = YES_ERROR;
				GCC_WARN_UNDECLARED_SELECTOR = YES;
				GCC_WARN_UNINITIALIZED_AUTOS = YES_AGGRESSIVE;
				GCC_WARN_UNUSED_FUNCTION = YES;
				GCC_WARN_UNUSED_VARIABLE = YES;
				IPHONEOS_DEPLOYMENT_TARGET = 17.5;
				LOCALIZATION_PREFERS_STRING_CATALOGS = YES;
				MTL_ENABLE_DEBUG_INFO = NO;
				MTL_FAST_MATH = YES;
				SDKROOT = iphoneos;
				SWIFT_COMPILATION_MODE = wholemodule;
				VALIDATE_PRODUCT = YES;
			};
			name = Release;
		};
		1B1D27AC2C46672800B96AA5 /* Debug */ = {
			isa = XCBuildConfiguration;
			buildSettings = {
				ASSETCATALOG_COMPILER_APPICON_NAME = AppIcon;
				ASSETCATALOG_COMPILER_GLOBAL_ACCENT_COLOR_NAME = AccentColor;
				CODE_SIGN_STYLE = Automatic;
				CURRENT_PROJECT_VERSION = 1;
				DEVELOPMENT_TEAM = 9VXZ74332Q;
				GENERATE_INFOPLIST_FILE = YES;
				INFOPLIST_FILE = SampleApp/Info.plist;
				INFOPLIST_KEY_UIApplicationSupportsIndirectInputEvents = YES;
				INFOPLIST_KEY_UILaunchStoryboardName = LaunchScreen;
				INFOPLIST_KEY_UIMainStoryboardFile = Main;
				INFOPLIST_KEY_UISupportedInterfaceOrientations_iPad = "UIInterfaceOrientationPortrait UIInterfaceOrientationPortraitUpsideDown UIInterfaceOrientationLandscapeLeft UIInterfaceOrientationLandscapeRight";
				INFOPLIST_KEY_UISupportedInterfaceOrientations_iPhone = "UIInterfaceOrientationPortrait UIInterfaceOrientationLandscapeLeft UIInterfaceOrientationLandscapeRight";
				LD_RUNPATH_SEARCH_PATHS = (
					"$(inherited)",
					"@executable_path/Frameworks",
				);
				MARKETING_VERSION = 1.0;
				PRODUCT_BUNDLE_IDENTIFIER = antino.SampleApp;
				PRODUCT_NAME = "$(TARGET_NAME)";
				SWIFT_EMIT_LOC_STRINGS = YES;
				SWIFT_VERSION = 5.0;
				TARGETED_DEVICE_FAMILY = "1,2";
			};
			name = Debug;
		};
		1B1D27AD2C46672800B96AA5 /* Release */ = {
			isa = XCBuildConfiguration;
			buildSettings = {
				ASSETCATALOG_COMPILER_APPICON_NAME = AppIcon;
				ASSETCATALOG_COMPILER_GLOBAL_ACCENT_COLOR_NAME = AccentColor;
				CODE_SIGN_STYLE = Automatic;
				CURRENT_PROJECT_VERSION = 1;
				DEVELOPMENT_TEAM = 9VXZ74332Q;
				GENERATE_INFOPLIST_FILE = YES;
				INFOPLIST_FILE = SampleApp/Info.plist;
				INFOPLIST_KEY_UIApplicationSupportsIndirectInputEvents = YES;
				INFOPLIST_KEY_UILaunchStoryboardName = LaunchScreen;
				INFOPLIST_KEY_UIMainStoryboardFile = Main;
				INFOPLIST_KEY_UISupportedInterfaceOrientations_iPad = "UIInterfaceOrientationPortrait UIInterfaceOrientationPortraitUpsideDown UIInterfaceOrientationLandscapeLeft UIInterfaceOrientationLandscapeRight";
				INFOPLIST_KEY_UISupportedInterfaceOrientations_iPhone = "UIInterfaceOrientationPortrait UIInterfaceOrientationLandscapeLeft UIInterfaceOrientationLandscapeRight";
				LD_RUNPATH_SEARCH_PATHS = (
					"$(inherited)",
					"@executable_path/Frameworks",
				);
				MARKETING_VERSION = 1.0;
				PRODUCT_BUNDLE_IDENTIFIER = antino.SampleApp;
				PRODUCT_NAME = "$(TARGET_NAME)";
				SWIFT_EMIT_LOC_STRINGS = YES;
				SWIFT_VERSION = 5.0;
				TARGETED_DEVICE_FAMILY = "1,2";
			};
			name = Release;
		};
		1B1D27AF2C46672800B96AA5 /* Debug */ = {
			isa = XCBuildConfiguration;
			buildSettings = {
				ALWAYS_EMBED_SWIFT_STANDARD_LIBRARIES = YES;
				BUNDLE_LOADER = "$(TEST_HOST)";
				CODE_SIGN_STYLE = Automatic;
				CURRENT_PROJECT_VERSION = 1;
				DEVELOPMENT_TEAM = 9VXZ74332Q;
				GENERATE_INFOPLIST_FILE = YES;
				IPHONEOS_DEPLOYMENT_TARGET = 17.5;
				MARKETING_VERSION = 1.0;
				PRODUCT_BUNDLE_IDENTIFIER = antino.SampleAppTests;
				PRODUCT_NAME = "$(TARGET_NAME)";
				SWIFT_EMIT_LOC_STRINGS = NO;
				SWIFT_VERSION = 5.0;
				TARGETED_DEVICE_FAMILY = "1,2";
				TEST_HOST = "$(BUILT_PRODUCTS_DIR)/SampleApp.app/$(BUNDLE_EXECUTABLE_FOLDER_PATH)/SampleApp";
			};
			name = Debug;
		};
		1B1D27B02C46672800B96AA5 /* Release */ = {
			isa = XCBuildConfiguration;
			buildSettings = {
				ALWAYS_EMBED_SWIFT_STANDARD_LIBRARIES = YES;
				BUNDLE_LOADER = "$(TEST_HOST)";
				CODE_SIGN_STYLE = Automatic;
				CURRENT_PROJECT_VERSION = 1;
				DEVELOPMENT_TEAM = 9VXZ74332Q;
				GENERATE_INFOPLIST_FILE = YES;
				IPHONEOS_DEPLOYMENT_TARGET = 17.5;
				MARKETING_VERSION = 1.0;
				PRODUCT_BUNDLE_IDENTIFIER = antino.SampleAppTests;
				PRODUCT_NAME = "$(TARGET_NAME)";
				SWIFT_EMIT_LOC_STRINGS = NO;
				SWIFT_VERSION = 5.0;
				TARGETED_DEVICE_FAMILY = "1,2";
				TEST_HOST = "$(BUILT_PRODUCTS_DIR)/SampleApp.app/$(BUNDLE_EXECUTABLE_FOLDER_PATH)/SampleApp";
			};
			name = Release;
		};
		1B1D27B22C46672800B96AA5 /* Debug */ = {
			isa = XCBuildConfiguration;
			buildSettings = {
				ALWAYS_EMBED_SWIFT_STANDARD_LIBRARIES = YES;
				CODE_SIGN_STYLE = Automatic;
				CURRENT_PROJECT_VERSION = 1;
				DEVELOPMENT_TEAM = 9VXZ74332Q;
				GENERATE_INFOPLIST_FILE = YES;
				MARKETING_VERSION = 1.0;
				PRODUCT_BUNDLE_IDENTIFIER = antino.SampleAppUITests;
				PRODUCT_NAME = "$(TARGET_NAME)";
				SWIFT_EMIT_LOC_STRINGS = NO;
				SWIFT_VERSION = 5.0;
				TARGETED_DEVICE_FAMILY = "1,2";
				TEST_TARGET_NAME = SampleApp;
			};
			name = Debug;
		};
		1B1D27B32C46672800B96AA5 /* Release */ = {
			isa = XCBuildConfiguration;
			buildSettings = {
				ALWAYS_EMBED_SWIFT_STANDARD_LIBRARIES = YES;
				CODE_SIGN_STYLE = Automatic;
				CURRENT_PROJECT_VERSION = 1;
				DEVELOPMENT_TEAM = 9VXZ74332Q;
				GENERATE_INFOPLIST_FILE = YES;
				MARKETING_VERSION = 1.0;
				PRODUCT_BUNDLE_IDENTIFIER = antino.SampleAppUITests;
				PRODUCT_NAME = "$(TARGET_NAME)";
				SWIFT_EMIT_LOC_STRINGS = NO;
				SWIFT_VERSION = 5.0;
				TARGETED_DEVICE_FAMILY = "1,2";
				TEST_TARGET_NAME = SampleApp;
			};
			name = Release;
		};
/* End XCBuildConfiguration section */

/* Begin XCConfigurationList section */
		1B1D277C2C46672600B96AA5 /* Build configuration list for PBXProject "SampleApp" */ = {
			isa = XCConfigurationList;
			buildConfigurations = (
				1B1D27A92C46672800B96AA5 /* Debug */,
				1B1D27AA2C46672800B96AA5 /* Release */,
			);
			defaultConfigurationIsVisible = 0;
			defaultConfigurationName = Release;
		};
		1B1D27AB2C46672800B96AA5 /* Build configuration list for PBXNativeTarget "SampleApp" */ = {
			isa = XCConfigurationList;
			buildConfigurations = (
				1B1D27AC2C46672800B96AA5 /* Debug */,
				1B1D27AD2C46672800B96AA5 /* Release */,
			);
			defaultConfigurationIsVisible = 0;
			defaultConfigurationName = Release;
		};
		1B1D27AE2C46672800B96AA5 /* Build configuration list for PBXNativeTarget "SampleAppTests" */ = {
			isa = XCConfigurationList;
			buildConfigurations = (
				1B1D27AF2C46672800B96AA5 /* Debug */,
				1B1D27B02C46672800B96AA5 /* Release */,
			);
			defaultConfigurationIsVisible = 0;
			defaultConfigurationName = Release;
		};
		1B1D27B12C46672800B96AA5 /* Build configuration list for PBXNativeTarget "SampleAppUITests" */ = {
			isa = XCConfigurationList;
			buildConfigurations = (
				1B1D27B22C46672800B96AA5 /* Debug */,
				1B1D27B32C46672800B96AA5 /* Release */,
			);
			defaultConfigurationIsVisible = 0;
			defaultConfigurationName = Release;
		};
/* End XCConfigurationList section */
	};
	rootObject = 1B1D27792C46672600B96AA5 /* Project object */;
}
